// !$*UTF8*$!
{
	archiveVersion = 1;
	classes = {
	};
	objectVersion = 46;
	objects = {

/* Begin PBXFileReference section */
		093A40669C325C89BA9D060C /* Test∕PageModelTest.h */ = {isa = PBXFileReference; lastKnownFileType = sourcecode.c.h; name = "Test∕PageModelTest.h"; path = ".XcodeSupport/Test∕PageModelTest.h"; sourceTree = SOURCE_ROOT; };
		0DDC4CEEA512D192B6DDDAD8 /* RunJobModelTest.j */ = {isa = PBXFileReference; lastKnownFileType = sourcecode.c.objc; name = RunJobModelTest.j; path = Test/RunJobModelTest.j; sourceTree = SOURCE_ROOT; };
		0EC644C686AD5DE29BD6A4F0 /* Test∕TreeNodeModelTest.m */ = {isa = PBXFileReference; lastKnownFileType = sourcecode.c.objc; name = "Test∕TreeNodeModelTest.m"; path = ".XcodeSupport/Test∕TreeNodeModelTest.m"; sourceTree = SOURCE_ROOT; };
		102742D7A8E0A6059EBCC8F7 /* ResultModelTest.j */ = {isa = PBXFileReference; lastKnownFileType = sourcecode.c.objc; name = ResultModelTest.j; path = Test/ResultModelTest.j; sourceTree = SOURCE_ROOT; };
		127642B787522D15F2A6DCAC /* TreeNodeModelTest.j */ = {isa = PBXFileReference; lastKnownFileType = sourcecode.c.objc; name = TreeNodeModelTest.j; path = Test/TreeNodeModelTest.j; sourceTree = SOURCE_ROOT; };
		137C46D69C7B7F36E8A237CD /* SettingsHUD.h */ = {isa = PBXFileReference; lastKnownFileType = sourcecode.c.h; name = SettingsHUD.h; path = .XcodeSupport/SettingsHUD.h; sourceTree = SOURCE_ROOT; };
		166E41509AEACCB1AFA44E0F /* Test∕ResultsPackageModelTest.m */ = {isa = PBXFileReference; lastKnownFileType = sourcecode.c.objc; name = "Test∕ResultsPackageModelTest.m"; path = ".XcodeSupport/Test∕ResultsPackageModelTest.m"; sourceTree = SOURCE_ROOT; };
		18E5468C87CB6EAFB4BCD9E5 /* PageModelTest.j */ = {isa = PBXFileReference; lastKnownFileType = sourcecode.c.objc; name = PageModelTest.j; path = Test/PageModelTest.j; sourceTree = SOURCE_ROOT; };
		1C1A46BC91012E728BDF1BBC /* Test∕RunJobModelTest.m */ = {isa = PBXFileReference; lastKnownFileType = sourcecode.c.objc; name = "Test∕RunJobModelTest.m"; path = ".XcodeSupport/Test∕RunJobModelTest.m"; sourceTree = SOURCE_ROOT; };
		219C454BB200667F89B267FF /* Menu.h */ = {isa = PBXFileReference; lastKnownFileType = sourcecode.c.h; name = Menu.h; path = .XcodeSupport/Menu.h; sourceTree = SOURCE_ROOT; };
		23F64E2DBF937C1C4392843F /* Link.h */ = {isa = PBXFileReference; lastKnownFileType = sourcecode.c.h; name = Link.h; path = .XcodeSupport/Link.h; sourceTree = SOURCE_ROOT; };
		26D34CD8BFA8C3846C4AB802 /* Test∕WorkflowJobSettingModelTest.h */ = {isa = PBXFileReference; lastKnownFileType = sourcecode.c.h; name = "Test∕WorkflowJobSettingModelTest.h"; path = ".XcodeSupport/Test∕WorkflowJobSettingModelTest.h"; sourceTree = SOURCE_ROOT; };
		2B8D40978532CB6D0AC65D9C /* Models∕Job.h */ = {isa = PBXFileReference; lastKnownFileType = sourcecode.c.h; name = "Models∕Job.h"; path = ".XcodeSupport/Models∕Job.h"; sourceTree = SOURCE_ROOT; };
		2B8F43FCBF0D8E0D9AF13625 /* Test∕ResultModelTest.h */ = {isa = PBXFileReference; lastKnownFileType = sourcecode.c.h; name = "Test∕ResultModelTest.h"; path = ".XcodeSupport/Test∕ResultModelTest.h"; sourceTree = SOURCE_ROOT; };
		2E9045E385351B4B2D896CEA /* Models∕Job.m */ = {isa = PBXFileReference; lastKnownFileType = sourcecode.c.objc; name = "Models∕Job.m"; path = ".XcodeSupport/Models∕Job.m"; sourceTree = SOURCE_ROOT; };
		2E9848B0BCE9AFCB75D02E9B /* Test∕UserModelTest.h */ = {isa = PBXFileReference; lastKnownFileType = sourcecode.c.h; name = "Test∕UserModelTest.h"; path = ".XcodeSupport/Test∕UserModelTest.h"; sourceTree = SOURCE_ROOT; };
		31C64FFBB4D6E27037FFF72C /* Job.h */ = {isa = PBXFileReference; lastKnownFileType = sourcecode.c.h; name = Job.h; path = .XcodeSupport/Job.h; sourceTree = SOURCE_ROOT; };
		34A440A78A37C7DD73B3DB81 /* SettingsHUD.m */ = {isa = PBXFileReference; lastKnownFileType = sourcecode.c.objc; name = SettingsHUD.m; path = .XcodeSupport/SettingsHUD.m; sourceTree = SOURCE_ROOT; };
		36044982AC78124C9F4F5A68 /* Test∕WorkflowModelTest.h */ = {isa = PBXFileReference; lastKnownFileType = sourcecode.c.h; name = "Test∕WorkflowModelTest.h"; path = ".XcodeSupport/Test∕WorkflowModelTest.h"; sourceTree = SOURCE_ROOT; };
		3C4848CD8E27CC18083D5E20 /* Test∕JobModelTest.h */ = {isa = PBXFileReference; lastKnownFileType = sourcecode.c.h; name = "Test∕JobModelTest.h"; path = ".XcodeSupport/Test∕JobModelTest.h"; sourceTree = SOURCE_ROOT; };
		3F134BE2BC2E665384C8C0A5 /* PlugInViewController.h */ = {isa = PBXFileReference; lastKnownFileType = sourcecode.c.h; name = PlugInViewController.h; path = .XcodeSupport/PlugInViewController.h; sourceTree = SOURCE_ROOT; };
		40A04253A04DDE5E9598736D /* WorkflowJob.j */ = {isa = PBXFileReference; lastKnownFileType = sourcecode.c.objc; name = WorkflowJob.j; path = WorkflowJob.j; sourceTree = SOURCE_ROOT; };
		44474FE983A875520BE46081 /* OutputPort.h */ = {isa = PBXFileReference; lastKnownFileType = sourcecode.c.h; name = OutputPort.h; path = .XcodeSupport/OutputPort.h; sourceTree = SOURCE_ROOT; };
		45354AD1BA7920B2FFF228DC /* RoundedRectangle.m */ = {isa = PBXFileReference; lastKnownFileType = sourcecode.c.objc; name = RoundedRectangle.m; path = .XcodeSupport/RoundedRectangle.m; sourceTree = SOURCE_ROOT; };
		46A04ED987EB6657D56CB3FA /* ToolPanel.j */ = {isa = PBXFileReference; lastKnownFileType = sourcecode.c.objc; name = ToolPanel.j; path = ToolPanel.j; sourceTree = SOURCE_ROOT; };
		499045E2A32A74F18B2D17A7 /* Test∕DummyTest.h */ = {isa = PBXFileReference; lastKnownFileType = sourcecode.c.h; name = "Test∕DummyTest.h"; path = ".XcodeSupport/Test∕DummyTest.h"; sourceTree = SOURCE_ROOT; };
		49E84D8A9DFA617004A66CB1 /* WorkflowModelTest.j */ = {isa = PBXFileReference; lastKnownFileType = sourcecode.c.objc; name = WorkflowModelTest.j; path = Test/WorkflowModelTest.j; sourceTree = SOURCE_ROOT; };
		4A824BED9F0F0457FD98D5C2 /* Job.j */ = {isa = PBXFileReference; lastKnownFileType = sourcecode.c.objc; name = Job.j; path = Job.j; sourceTree = SOURCE_ROOT; };
		4E0344BEB61BCE0D15045FF5 /* RoundedRectangle.h */ = {isa = PBXFileReference; lastKnownFileType = sourcecode.c.h; name = RoundedRectangle.h; path = .XcodeSupport/RoundedRectangle.h; sourceTree = SOURCE_ROOT; };
		53E44533BBB19E10FCBD7695 /* WorkflowJob-new.h */ = {isa = PBXFileReference; lastKnownFileType = sourcecode.c.h; name = WorkflowJob-new.h; path = .XcodeSupport/WorkflowJob-new.h; sourceTree = SOURCE_ROOT; };
		54674F2087E77A5F77D3C979 /* OutlineView.h */ = {isa = PBXFileReference; lastKnownFileType = sourcecode.c.h; name = OutlineView.h; path = .XcodeSupport/OutlineView.h; sourceTree = SOURCE_ROOT; };
		57F34FECB9521B38DF46A0DB /* ProjectModelTest.j */ = {isa = PBXFileReference; lastKnownFileType = sourcecode.c.objc; name = ProjectModelTest.j; path = Test/ProjectModelTest.j; sourceTree = SOURCE_ROOT; };
		58504F14A51DA8E67448901E /* ToolsView.h */ = {isa = PBXFileReference; lastKnownFileType = sourcecode.c.h; name = ToolsView.h; path = .XcodeSupport/ToolsView.h; sourceTree = SOURCE_ROOT; };
		605346C2ABDFC5EF84020EFC /* ToolPanel.h */ = {isa = PBXFileReference; lastKnownFileType = sourcecode.c.h; name = ToolPanel.h; path = .XcodeSupport/ToolPanel.h; sourceTree = SOURCE_ROOT; };
		63A742D5B5FFD819F7DBB738 /* WorkflowJob-new.j */ = {isa = PBXFileReference; lastKnownFileType = sourcecode.c.objc; name = WorkflowJob-new.j; path = WorkflowJob-new.j; sourceTree = SOURCE_ROOT; };
		645C49DF9D6149C5557E1361 /* RoundedRectangle.j */ = {isa = PBXFileReference; lastKnownFileType = sourcecode.c.objc; name = RoundedRectangle.j; path = RoundedRectangle.j; sourceTree = SOURCE_ROOT; };
		65C343F386565AF64B1151FD /* xcc_general_include.h */ = {isa = PBXFileReference; lastKnownFileType = sourcecode.c.h; name = xcc_general_include.h; path = .XcodeSupport/xcc_general_include.h; sourceTree = SOURCE_ROOT; };
		6B3C44B0A5547DB900049069 /* Test∕ProjectModelTest.m */ = {isa = PBXFileReference; lastKnownFileType = sourcecode.c.objc; name = "Test∕ProjectModelTest.m"; path = ".XcodeSupport/Test∕ProjectModelTest.m"; sourceTree = SOURCE_ROOT; };
		6F3E42E28E7AC36BB084884A /* Test∕WorkflowJobModelTest.m */ = {isa = PBXFileReference; lastKnownFileType = sourcecode.c.objc; name = "Test∕WorkflowJobModelTest.m"; path = ".XcodeSupport/Test∕WorkflowJobModelTest.m"; sourceTree = SOURCE_ROOT; };
		71034D1A9FF63B865A9B78C3 /* Models∕WorkflowJob.h */ = {isa = PBXFileReference; lastKnownFileType = sourcecode.c.h; name = "Models∕WorkflowJob.h"; path = ".XcodeSupport/Models∕WorkflowJob.h"; sourceTree = SOURCE_ROOT; };
		725346B8A69D8B3D3DC1EFAF /* WorkflowRunModelTest.j */ = {isa = PBXFileReference; lastKnownFileType = sourcecode.c.objc; name = WorkflowRunModelTest.j; path = Test/WorkflowRunModelTest.j; sourceTree = SOURCE_ROOT; };
		7347490786F009A8DCC5323F /* Test∕ProjectModelTest.h */ = {isa = PBXFileReference; lastKnownFileType = sourcecode.c.h; name = "Test∕ProjectModelTest.h"; path = ".XcodeSupport/Test∕ProjectModelTest.h"; sourceTree = SOURCE_ROOT; };
		738E49D681FDF39732A618F0 /* Test∕DummyTest.m */ = {isa = PBXFileReference; lastKnownFileType = sourcecode.c.objc; name = "Test∕DummyTest.m"; path = ".XcodeSupport/Test∕DummyTest.m"; sourceTree = SOURCE_ROOT; };
		73FE4923A5ED8D1DA3958583 /* Job.j */ = {isa = PBXFileReference; lastKnownFileType = sourcecode.c.objc; name = Job.j; path = Models/Job.j; sourceTree = SOURCE_ROOT; };
		794A4EEF82EEA1479DACB2F6 /* Models∕WorkflowJob.m */ = {isa = PBXFileReference; lastKnownFileType = sourcecode.c.objc; name = "Models∕WorkflowJob.m"; path = ".XcodeSupport/Models∕WorkflowJob.m"; sourceTree = SOURCE_ROOT; };
		7A1348A5A2D64511CD5EE25A /* Menu.j */ = {isa = PBXFileReference; lastKnownFileType = sourcecode.c.objc; name = Menu.j; path = Menu.j; sourceTree = SOURCE_ROOT; };
		7D214E839F0F8F6C05E104F5 /* SettingsHUD.j */ = {isa = PBXFileReference; lastKnownFileType = sourcecode.c.objc; name = SettingsHUD.j; path = SettingsHUD.j; sourceTree = SOURCE_ROOT; };
		7F1B4F0DAE726A39E487E181 /* Link.m */ = {isa = PBXFileReference; lastKnownFileType = sourcecode.c.objc; name = Link.m; path = .XcodeSupport/Link.m; sourceTree = SOURCE_ROOT; };
		836C44A99C64F2D746552875 /* Test∕PageModelTest.m */ = {isa = PBXFileReference; lastKnownFileType = sourcecode.c.objc; name = "Test∕PageModelTest.m"; path = ".XcodeSupport/Test∕PageModelTest.m"; sourceTree = SOURCE_ROOT; };
		85154989AE5344AAB10F5884 /* ToolsView.j */ = {isa = PBXFileReference; lastKnownFileType = sourcecode.c.objc; name = ToolsView.j; path = ToolsView.j; sourceTree = SOURCE_ROOT; };
		866645BD84533EABAC080981 /* OutputPort.m */ = {isa = PBXFileReference; lastKnownFileType = sourcecode.c.objc; name = OutputPort.m; path = .XcodeSupport/OutputPort.m; sourceTree = SOURCE_ROOT; };
		89A24074A79056D2B3CC26D6 /* Test∕UserModelTest.m */ = {isa = PBXFileReference; lastKnownFileType = sourcecode.c.objc; name = "Test∕UserModelTest.m"; path = ".XcodeSupport/Test∕UserModelTest.m"; sourceTree = SOURCE_ROOT; };
		8DAD4C74A5C7162D3D180D39 /* WorkflowJob.j */ = {isa = PBXFileReference; lastKnownFileType = sourcecode.c.objc; name = WorkflowJob.j; path = Models/WorkflowJob.j; sourceTree = SOURCE_ROOT; };
		8FC7434C859A1E49A3169C0B /* WorkflowDesignerView.h */ = {isa = PBXFileReference; lastKnownFileType = sourcecode.c.h; name = WorkflowDesignerView.h; path = .XcodeSupport/WorkflowDesignerView.h; sourceTree = SOURCE_ROOT; };
		8FCB4B57BD2D089C5C08DFE8 /* PlugInViewController.j */ = {isa = PBXFileReference; lastKnownFileType = sourcecode.c.objc; name = PlugInViewController.j; path = PlugInViewController.j; sourceTree = SOURCE_ROOT; };
		92B9464C978AAAB8147003B3 /* Test∕RunJobModelTest.h */ = {isa = PBXFileReference; lastKnownFileType = sourcecode.c.h; name = "Test∕RunJobModelTest.h"; path = ".XcodeSupport/Test∕RunJobModelTest.h"; sourceTree = SOURCE_ROOT; };
		93E649BCAB51748B0A319E73 /* Seed.m */ = {isa = PBXFileReference; lastKnownFileType = sourcecode.c.objc; name = Seed.m; path = .XcodeSupport/Seed.m; sourceTree = SOURCE_ROOT; };
		94A2488B99A611417ABC132B /* WorkflowJob-new.m */ = {isa = PBXFileReference; lastKnownFileType = sourcecode.c.objc; name = WorkflowJob-new.m; path = .XcodeSupport/WorkflowJob-new.m; sourceTree = SOURCE_ROOT; };
		95FF423485FE7232F6DF97E4 /* JobModelTest.j */ = {isa = PBXFileReference; lastKnownFileType = sourcecode.c.objc; name = JobModelTest.j; path = Test/JobModelTest.j; sourceTree = SOURCE_ROOT; };
		967E4E54B758F9311B4FF892 /* Test∕WorkflowModelTest.m */ = {isa = PBXFileReference; lastKnownFileType = sourcecode.c.objc; name = "Test∕WorkflowModelTest.m"; path = ".XcodeSupport/Test∕WorkflowModelTest.m"; sourceTree = SOURCE_ROOT; };
		99DD4CD0B0797C6E021406A2 /* WorkflowJobSettingModelTest.j */ = {isa = PBXFileReference; lastKnownFileType = sourcecode.c.objc; name = WorkflowJobSettingModelTest.j; path = Test/WorkflowJobSettingModelTest.j; sourceTree = SOURCE_ROOT; };
		9AF04F6F95991A2BA6F678DC /* Test∕WorkflowJobSettingModelTest.m */ = {isa = PBXFileReference; lastKnownFileType = sourcecode.c.objc; name = "Test∕WorkflowJobSettingModelTest.m"; path = ".XcodeSupport/Test∕WorkflowJobSettingModelTest.m"; sourceTree = SOURCE_ROOT; };
		9C814444B4FA7394371634F3 /* OutputPort.j */ = {isa = PBXFileReference; lastKnownFileType = sourcecode.c.objc; name = OutputPort.j; path = OutputPort.j; sourceTree = SOURCE_ROOT; };
		9FEC43A1A44EDD5FEDEFBE1D /* ToolsView.m */ = {isa = PBXFileReference; lastKnownFileType = sourcecode.c.objc; name = ToolsView.m; path = .XcodeSupport/ToolsView.m; sourceTree = SOURCE_ROOT; };
		A4AF4026ABCB7EE14C9779AE /* WorkflowJobModelTest.j */ = {isa = PBXFileReference; lastKnownFileType = sourcecode.c.objc; name = WorkflowJobModelTest.j; path = Test/WorkflowJobModelTest.j; sourceTree = SOURCE_ROOT; };
		A72645BC8E16581AE3AC638D /* UserModelTest.j */ = {isa = PBXFileReference; lastKnownFileType = sourcecode.c.objc; name = UserModelTest.j; path = Test/UserModelTest.j; sourceTree = SOURCE_ROOT; };
		ABF44D03937CB5C54ED2B309 /* ToolPanel.m */ = {isa = PBXFileReference; lastKnownFileType = sourcecode.c.objc; name = ToolPanel.m; path = .XcodeSupport/ToolPanel.m; sourceTree = SOURCE_ROOT; };
		B2D343A8B2FB090DA548E22C /* Seed.h */ = {isa = PBXFileReference; lastKnownFileType = sourcecode.c.h; name = Seed.h; path = .XcodeSupport/Seed.h; sourceTree = SOURCE_ROOT; };
		B4594BE9B09FF9846C68D89B /* DummyTest.j */ = {isa = PBXFileReference; lastKnownFileType = sourcecode.c.objc; name = DummyTest.j; path = Test/DummyTest.j; sourceTree = SOURCE_ROOT; };
		BC1B480490D34CABEE197735 /* Test∕WorkflowJobModelTest.h */ = {isa = PBXFileReference; lastKnownFileType = sourcecode.c.h; name = "Test∕WorkflowJobModelTest.h"; path = ".XcodeSupport/Test∕WorkflowJobModelTest.h"; sourceTree = SOURCE_ROOT; };
		BC314D298DB088AF74507CE5 /* Test∕JobModelTest.m */ = {isa = PBXFileReference; lastKnownFileType = sourcecode.c.objc; name = "Test∕JobModelTest.m"; path = ".XcodeSupport/Test∕JobModelTest.m"; sourceTree = SOURCE_ROOT; };
		BCB140D8BA5C24E22F264FA0 /* Models∕Resource.h */ = {isa = PBXFileReference; lastKnownFileType = sourcecode.c.h; name = "Models∕Resource.h"; path = ".XcodeSupport/Models∕Resource.h"; sourceTree = SOURCE_ROOT; };
		C054419A922B19CEB3F65275 /* Job.m */ = {isa = PBXFileReference; lastKnownFileType = sourcecode.c.objc; name = Job.m; path = .XcodeSupport/Job.m; sourceTree = SOURCE_ROOT; };
		C0A64941BAA3E37202CA6B7F /* PlugInViewController.m */ = {isa = PBXFileReference; lastKnownFileType = sourcecode.c.objc; name = PlugInViewController.m; path = .XcodeSupport/PlugInViewController.m; sourceTree = SOURCE_ROOT; };
		C79542AC8AAA9295937F8819 /* InputPort.j */ = {isa = PBXFileReference; lastKnownFileType = sourcecode.c.objc; name = InputPort.j; path = InputPort.j; sourceTree = SOURCE_ROOT; };
		C92F4F8EAFB025051265F032 /* WorkflowDesignerView.m */ = {isa = PBXFileReference; lastKnownFileType = sourcecode.c.objc; name = WorkflowDesignerView.m; path = .XcodeSupport/WorkflowDesignerView.m; sourceTree = SOURCE_ROOT; };
		CA97422FBA4D973327248A0E /* Test∕WorkflowRunModelTest.h */ = {isa = PBXFileReference; lastKnownFileType = sourcecode.c.h; name = "Test∕WorkflowRunModelTest.h"; path = ".XcodeSupport/Test∕WorkflowRunModelTest.h"; sourceTree = SOURCE_ROOT; };
		CDA4447283317E6171848EC5 /* InputPort.h */ = {isa = PBXFileReference; lastKnownFileType = sourcecode.c.h; name = InputPort.h; path = .XcodeSupport/InputPort.h; sourceTree = SOURCE_ROOT; };
		D39048408A8E723C9600A87C /* Test∕TreeNodeModelTest.h */ = {isa = PBXFileReference; lastKnownFileType = sourcecode.c.h; name = "Test∕TreeNodeModelTest.h"; path = ".XcodeSupport/Test∕TreeNodeModelTest.h"; sourceTree = SOURCE_ROOT; };
		DF0E4E6BA7E0C073C583318B /* Models∕Resource.m */ = {isa = PBXFileReference; lastKnownFileType = sourcecode.c.objc; name = "Models∕Resource.m"; path = ".XcodeSupport/Models∕Resource.m"; sourceTree = SOURCE_ROOT; };
		E014473083321E9E1577D38A /* Test∕ResultModelTest.m */ = {isa = PBXFileReference; lastKnownFileType = sourcecode.c.objc; name = "Test∕ResultModelTest.m"; path = ".XcodeSupport/Test∕ResultModelTest.m"; sourceTree = SOURCE_ROOT; };
		E1624751B4500FA1AAF9469A /* Seed.j */ = {isa = PBXFileReference; lastKnownFileType = sourcecode.c.objc; name = Seed.j; path = Seed.j; sourceTree = SOURCE_ROOT; };
		E164FE29172185F500263CE3 /* Resources */ = {isa = PBXFileReference; lastKnownFileType = folder; path = Resources; sourceTree = "<group>"; };
		E27D44A8B2C8209B0F196428 /* WorkflowJob.h */ = {isa = PBXFileReference; lastKnownFileType = sourcecode.c.h; name = WorkflowJob.h; path = .XcodeSupport/WorkflowJob.h; sourceTree = SOURCE_ROOT; };
		E8BD4CA6BCE87C30846E20C1 /* Test∕WorkflowRunModelTest.m */ = {isa = PBXFileReference; lastKnownFileType = sourcecode.c.objc; name = "Test∕WorkflowRunModelTest.m"; path = ".XcodeSupport/Test∕WorkflowRunModelTest.m"; sourceTree = SOURCE_ROOT; };
		EC064001AAE47CB741CEB53B /* Test∕ResultsPackageModelTest.h */ = {isa = PBXFileReference; lastKnownFileType = sourcecode.c.h; name = "Test∕ResultsPackageModelTest.h"; path = ".XcodeSupport/Test∕ResultsPackageModelTest.h"; sourceTree = SOURCE_ROOT; };
		EC1A4F90852CE79B06E041BB /* Menu.m */ = {isa = PBXFileReference; lastKnownFileType = sourcecode.c.objc; name = Menu.m; path = .XcodeSupport/Menu.m; sourceTree = SOURCE_ROOT; };
		F1DD42C9B7A40ADC43022E94 /* ResultsPackageModelTest.j */ = {isa = PBXFileReference; lastKnownFileType = sourcecode.c.objc; name = ResultsPackageModelTest.j; path = Test/ResultsPackageModelTest.j; sourceTree = SOURCE_ROOT; };
		F2C54C9E8B492CE7288DEAB6 /* Resource.j */ = {isa = PBXFileReference; lastKnownFileType = sourcecode.c.objc; name = Resource.j; path = Models/Resource.j; sourceTree = SOURCE_ROOT; };
		F3B0459D8EAE253EAAF084AA /* InputPort.m */ = {isa = PBXFileReference; lastKnownFileType = sourcecode.c.objc; name = InputPort.m; path = .XcodeSupport/InputPort.m; sourceTree = SOURCE_ROOT; };
		F7CE430E8181513D4FA3021F /* WorkflowDesignerView.j */ = {isa = PBXFileReference; lastKnownFileType = sourcecode.c.objc; name = WorkflowDesignerView.j; path = WorkflowDesignerView.j; sourceTree = SOURCE_ROOT; };
		F99E40D89BDD68D2E939F5D6 /* Link.j */ = {isa = PBXFileReference; lastKnownFileType = sourcecode.c.objc; name = Link.j; path = Link.j; sourceTree = SOURCE_ROOT; };
		FA1A4142BB2431B937322A20 /* OutlineView.j */ = {isa = PBXFileReference; lastKnownFileType = sourcecode.c.objc; name = OutlineView.j; path = OutlineView.j; sourceTree = SOURCE_ROOT; };
		FAC44A509DE4A1BA490B97E7 /* OutlineView.m */ = {isa = PBXFileReference; lastKnownFileType = sourcecode.c.objc; name = OutlineView.m; path = .XcodeSupport/OutlineView.m; sourceTree = SOURCE_ROOT; };
		FADE4965803A0F5B100E1324 /* WorkflowJob.m */ = {isa = PBXFileReference; lastKnownFileType = sourcecode.c.objc; name = WorkflowJob.m; path = .XcodeSupport/WorkflowJob.m; sourceTree = SOURCE_ROOT; };
/* End PBXFileReference section */

/* Begin PBXGroup section */
		0F0A4273A53C0F5395E0A97A /* Cappuccino Source */ = {
			isa = PBXGroup;
			children = (
				B4594BE9B09FF9846C68D89B /* DummyTest.j */,
				C79542AC8AAA9295937F8819 /* InputPort.j */,
				73FE4923A5ED8D1DA3958583 /* Job.j */,
				4A824BED9F0F0457FD98D5C2 /* Job.j */,
				95FF423485FE7232F6DF97E4 /* JobModelTest.j */,
				F99E40D89BDD68D2E939F5D6 /* Link.j */,
				7A1348A5A2D64511CD5EE25A /* Menu.j */,
				FA1A4142BB2431B937322A20 /* OutlineView.j */,
				9C814444B4FA7394371634F3 /* OutputPort.j */,
				18E5468C87CB6EAFB4BCD9E5 /* PageModelTest.j */,
				8FCB4B57BD2D089C5C08DFE8 /* PlugInViewController.j */,
				57F34FECB9521B38DF46A0DB /* ProjectModelTest.j */,
				F2C54C9E8B492CE7288DEAB6 /* Resource.j */,
				102742D7A8E0A6059EBCC8F7 /* ResultModelTest.j */,
				F1DD42C9B7A40ADC43022E94 /* ResultsPackageModelTest.j */,
				645C49DF9D6149C5557E1361 /* RoundedRectangle.j */,
				0DDC4CEEA512D192B6DDDAD8 /* RunJobModelTest.j */,
				E1624751B4500FA1AAF9469A /* Seed.j */,
				7D214E839F0F8F6C05E104F5 /* SettingsHUD.j */,
				46A04ED987EB6657D56CB3FA /* ToolPanel.j */,
				85154989AE5344AAB10F5884 /* ToolsView.j */,
				127642B787522D15F2A6DCAC /* TreeNodeModelTest.j */,
				A72645BC8E16581AE3AC638D /* UserModelTest.j */,
				F7CE430E8181513D4FA3021F /* WorkflowDesignerView.j */,
				63A742D5B5FFD819F7DBB738 /* WorkflowJob-new.j */,
				8DAD4C74A5C7162D3D180D39 /* WorkflowJob.j */,
				40A04253A04DDE5E9598736D /* WorkflowJob.j */,
				A4AF4026ABCB7EE14C9779AE /* WorkflowJobModelTest.j */,
				99DD4CD0B0797C6E021406A2 /* WorkflowJobSettingModelTest.j */,
				49E84D8A9DFA617004A66CB1 /* WorkflowModelTest.j */,
				725346B8A69D8B3D3DC1EFAF /* WorkflowRunModelTest.j */,
			);
			name = "Cappuccino Source";
			sourceTree = "<group>";
		};
		E164FE221721857400263CE3 /*  */ = {
			isa = PBXGroup;
			children = (
				E164FE29172185F500263CE3 /* Resources */,
				E7684EB28E2532FB386D9815 /* Cocoa Classes */,
				0F0A4273A53C0F5395E0A97A /* Cappuccino Source */,
			);
			sourceTree = "<group>";
		};
		E7684EB28E2532FB386D9815 /* Cocoa Classes */ = {
			isa = PBXGroup;
			children = (
				CDA4447283317E6171848EC5 /* InputPort.h */,
				F3B0459D8EAE253EAAF084AA /* InputPort.m */,
				31C64FFBB4D6E27037FFF72C /* Job.h */,
				C054419A922B19CEB3F65275 /* Job.m */,
				23F64E2DBF937C1C4392843F /* Link.h */,
				7F1B4F0DAE726A39E487E181 /* Link.m */,
				219C454BB200667F89B267FF /* Menu.h */,
				EC1A4F90852CE79B06E041BB /* Menu.m */,
				2B8D40978532CB6D0AC65D9C /* Models∕Job.h */,
				2E9045E385351B4B2D896CEA /* Models∕Job.m */,
				BCB140D8BA5C24E22F264FA0 /* Models∕Resource.h */,
				DF0E4E6BA7E0C073C583318B /* Models∕Resource.m */,
				71034D1A9FF63B865A9B78C3 /* Models∕WorkflowJob.h */,
				794A4EEF82EEA1479DACB2F6 /* Models∕WorkflowJob.m */,
				54674F2087E77A5F77D3C979 /* OutlineView.h */,
				FAC44A509DE4A1BA490B97E7 /* OutlineView.m */,
				44474FE983A875520BE46081 /* OutputPort.h */,
				866645BD84533EABAC080981 /* OutputPort.m */,
				3F134BE2BC2E665384C8C0A5 /* PlugInViewController.h */,
				C0A64941BAA3E37202CA6B7F /* PlugInViewController.m */,
				4E0344BEB61BCE0D15045FF5 /* RoundedRectangle.h */,
				45354AD1BA7920B2FFF228DC /* RoundedRectangle.m */,
				B2D343A8B2FB090DA548E22C /* Seed.h */,
				93E649BCAB51748B0A319E73 /* Seed.m */,
				137C46D69C7B7F36E8A237CD /* SettingsHUD.h */,
				34A440A78A37C7DD73B3DB81 /* SettingsHUD.m */,
				499045E2A32A74F18B2D17A7 /* Test∕DummyTest.h */,
				738E49D681FDF39732A618F0 /* Test∕DummyTest.m */,
				3C4848CD8E27CC18083D5E20 /* Test∕JobModelTest.h */,
				BC314D298DB088AF74507CE5 /* Test∕JobModelTest.m */,
				093A40669C325C89BA9D060C /* Test∕PageModelTest.h */,
				836C44A99C64F2D746552875 /* Test∕PageModelTest.m */,
				7347490786F009A8DCC5323F /* Test∕ProjectModelTest.h */,
				6B3C44B0A5547DB900049069 /* Test∕ProjectModelTest.m */,
				2B8F43FCBF0D8E0D9AF13625 /* Test∕ResultModelTest.h */,
				E014473083321E9E1577D38A /* Test∕ResultModelTest.m */,
				EC064001AAE47CB741CEB53B /* Test∕ResultsPackageModelTest.h */,
				166E41509AEACCB1AFA44E0F /* Test∕ResultsPackageModelTest.m */,
				92B9464C978AAAB8147003B3 /* Test∕RunJobModelTest.h */,
				1C1A46BC91012E728BDF1BBC /* Test∕RunJobModelTest.m */,
				D39048408A8E723C9600A87C /* Test∕TreeNodeModelTest.h */,
				0EC644C686AD5DE29BD6A4F0 /* Test∕TreeNodeModelTest.m */,
				2E9848B0BCE9AFCB75D02E9B /* Test∕UserModelTest.h */,
				89A24074A79056D2B3CC26D6 /* Test∕UserModelTest.m */,
				BC1B480490D34CABEE197735 /* Test∕WorkflowJobModelTest.h */,
				6F3E42E28E7AC36BB084884A /* Test∕WorkflowJobModelTest.m */,
				26D34CD8BFA8C3846C4AB802 /* Test∕WorkflowJobSettingModelTest.h */,
				9AF04F6F95991A2BA6F678DC /* Test∕WorkflowJobSettingModelTest.m */,
				36044982AC78124C9F4F5A68 /* Test∕WorkflowModelTest.h */,
				967E4E54B758F9311B4FF892 /* Test∕WorkflowModelTest.m */,
				CA97422FBA4D973327248A0E /* Test∕WorkflowRunModelTest.h */,
				E8BD4CA6BCE87C30846E20C1 /* Test∕WorkflowRunModelTest.m */,
				605346C2ABDFC5EF84020EFC /* ToolPanel.h */,
				ABF44D03937CB5C54ED2B309 /* ToolPanel.m */,
				58504F14A51DA8E67448901E /* ToolsView.h */,
				9FEC43A1A44EDD5FEDEFBE1D /* ToolsView.m */,
				8FC7434C859A1E49A3169C0B /* WorkflowDesignerView.h */,
				C92F4F8EAFB025051265F032 /* WorkflowDesignerView.m */,
				53E44533BBB19E10FCBD7695 /* WorkflowJob-new.h */,
				94A2488B99A611417ABC132B /* WorkflowJob-new.m */,
				E27D44A8B2C8209B0F196428 /* WorkflowJob.h */,
				FADE4965803A0F5B100E1324 /* WorkflowJob.m */,
				65C343F386565AF64B1151FD /* xcc_general_include.h */,
			);
			name = "Cocoa Classes";
			sourceTree = "<group>";
		};
/* End PBXGroup section */

/* Begin PBXProject section */
		E164FE231721857400263CE3 /* Project Object */ = {
			isa = PBXProject;
			attributes = {
				LastUpgradeCheck = 0460;
			};
			buildConfigurationList = E164FE261721857400263CE3 /* Build configuration list for PBXProject "Unity-iPhone" */;
			compatibilityVersion = "Xcode 3.2";
			developmentRegion = English;
			hasScannedForEncodings = 0;
			knownRegions = (
				en,
			);
			mainGroup = E164FE221721857400263CE3 /*  */;
			projectDirPath = "";
			projectRoot = "";
			targets = (
			);
		};
/* End PBXProject section */

/* Begin XCBuildConfiguration section */
		E164FE271721857400263CE3 /* Debug */ = {
			isa = XCBuildConfiguration;
			buildSettings = {
			};
			name = Debug;
		};
		E164FE281721857400263CE3 /* Release */ = {
			isa = XCBuildConfiguration;
			buildSettings = {
			};
			name = Release;
		};
/* End XCBuildConfiguration section */

/* Begin XCConfigurationList section */
		E164FE261721857400263CE3 /* Build configuration list for PBXProject "Unity-iPhone" */ = {
			isa = XCConfigurationList;
			buildConfigurations = (
				E164FE271721857400263CE3 /* Debug */,
				E164FE281721857400263CE3 /* Release */,
			);
			defaultConfigurationIsVisible = 0;
			defaultConfigurationName = Release;
		};
/* End XCConfigurationList section */
	};
	rootObject = E164FE231721857400263CE3 /* Project Object */;
}