// !$*UTF8*$!
{
	archiveVersion = 1;
	classes = {
	};
	objectVersion = 46;
	objects = {

/* Begin PBXFileReference section */
		01734E71A74ECB1AC2C3CD1D /* WorkflowJob.j */ = {isa = PBXFileReference; lastKnownFileType = sourcecode.c.objc; name = WorkflowJob.j; path = WorkflowJob.j; sourceTree = SOURCE_ROOT; };
		022A43D3A6711E938BCBB90E /* Controllers∕WorkflowJobController.m */ = {isa = PBXFileReference; lastKnownFileType = sourcecode.c.objc; name = "Controllers∕WorkflowJobController.m"; path = ".XcodeSupport/Controllers∕WorkflowJobController.m"; sourceTree = SOURCE_ROOT; };
		02B341D38FFBCD35ADE7478E /* CheckBoxTransformer.j */ = {isa = PBXFileReference; lastKnownFileType = sourcecode.c.objc; name = CheckBoxTransformer.j; path = Transformers/CheckBoxTransformer.j; sourceTree = SOURCE_ROOT; };
		032541E283091FB258818592 /* ProjectController.j */ = {isa = PBXFileReference; lastKnownFileType = sourcecode.c.objc; name = ProjectController.j; path = Controllers/ProjectController.j; sourceTree = SOURCE_ROOT; };
		03614986B162D9BD6F765D1A /* WorkflowJobController.j */ = {isa = PBXFileReference; lastKnownFileType = sourcecode.c.objc; name = WorkflowJobController.j; path = Controllers/WorkflowJobController.j; sourceTree = SOURCE_ROOT; };
		037744189914668F01F043F2 /* Controllers∕ResourceController.m */ = {isa = PBXFileReference; lastKnownFileType = sourcecode.c.objc; name = "Controllers∕ResourceController.m"; path = ".XcodeSupport/Controllers∕ResourceController.m"; sourceTree = SOURCE_ROOT; };
		06B14D0180E2FBB1B7EE1765 /* JobTypeTransformer.j */ = {isa = PBXFileReference; lastKnownFileType = sourcecode.c.objc; name = JobTypeTransformer.j; path = Transformers/JobTypeTransformer.j; sourceTree = SOURCE_ROOT; };
		09AC4F3494E6FAD3473F2D10 /* Test∕WorkflowModelTest.m */ = {isa = PBXFileReference; lastKnownFileType = sourcecode.c.objc; name = "Test∕WorkflowModelTest.m"; path = ".XcodeSupport/Test∕WorkflowModelTest.m"; sourceTree = SOURCE_ROOT; };
		09AF4551A3D78AD22DF923EE /* outputPort.j */ = {isa = PBXFileReference; lastKnownFileType = sourcecode.c.objc; path = outputPort.j; sourceTree = SOURCE_ROOT; };
		0C24442A8DDBBEA289165EC6 /* Menu.h */ = {isa = PBXFileReference; lastKnownFileType = sourcecode.c.h; name = Menu.h; path = .XcodeSupport/Menu.h; sourceTree = SOURCE_ROOT; };
		0C9045B981067DED2DF96ADF /* Test∕WorkflowJobSettingModelTest.m */ = {isa = PBXFileReference; lastKnownFileType = sourcecode.c.objc; name = "Test∕WorkflowJobSettingModelTest.m"; path = ".XcodeSupport/Test∕WorkflowJobSettingModelTest.m"; sourceTree = SOURCE_ROOT; };
		0F8741D0AF027CF1778AF896 /* Test∕TreeNodeModelTest.m */ = {isa = PBXFileReference; lastKnownFileType = sourcecode.c.objc; name = "Test∕TreeNodeModelTest.m"; path = ".XcodeSupport/Test∕TreeNodeModelTest.m"; sourceTree = SOURCE_ROOT; };
		11C943C698FBD9BF2E8A79DC /* Link.m */ = {isa = PBXFileReference; lastKnownFileType = sourcecode.c.objc; name = Link.m; path = .XcodeSupport/Link.m; sourceTree = SOURCE_ROOT; };
		1294439FB489234DA13B092B /* SettingsHUD.m */ = {isa = PBXFileReference; lastKnownFileType = sourcecode.c.objc; name = SettingsHUD.m; path = .XcodeSupport/SettingsHUD.m; sourceTree = SOURCE_ROOT; };
		138B4E269BCAB718C8E4C35D /* RunJobStatusTransformer.j */ = {isa = PBXFileReference; lastKnownFileType = sourcecode.c.objc; name = RunJobStatusTransformer.j; path = Transformers/RunJobStatusTransformer.j; sourceTree = SOURCE_ROOT; };
		13AC409BBA3ACEAB57ED6E60 /* InteractiveJobsController.j */ = {isa = PBXFileReference; lastKnownFileType = sourcecode.c.objc; name = InteractiveJobsController.j; path = Controllers/InteractiveJobsController.j; sourceTree = SOURCE_ROOT; };
		13E64A27BE2197ABE8C23089 /* PageModelTest.j */ = {isa = PBXFileReference; lastKnownFileType = sourcecode.c.objc; name = PageModelTest.j; path = Test/PageModelTest.j; sourceTree = SOURCE_ROOT; };
		156B4EBBBFB71B48A6A719CB /* WorkflowDesignerView.h */ = {isa = PBXFileReference; lastKnownFileType = sourcecode.c.h; name = WorkflowDesignerView.h; path = .XcodeSupport/WorkflowDesignerView.h; sourceTree = SOURCE_ROOT; };
		16FB4ADFAD8A19FE3C5C266A /* Job.h */ = {isa = PBXFileReference; lastKnownFileType = sourcecode.c.h; name = Job.h; path = .XcodeSupport/Job.h; sourceTree = SOURCE_ROOT; };
		17F8463BBAA12F66228F8FA6 /* Link.j */ = {isa = PBXFileReference; lastKnownFileType = sourcecode.c.objc; path = Link.j; sourceTree = SOURCE_ROOT; };
		19C14125BDC4AFBDCAB6633F /* ToolsView.h */ = {isa = PBXFileReference; lastKnownFileType = sourcecode.c.h; name = ToolsView.h; path = .XcodeSupport/ToolsView.h; sourceTree = SOURCE_ROOT; };
		1A9E486E966B409301DEA69A /* GlyphsTransformer.j */ = {isa = PBXFileReference; lastKnownFileType = sourcecode.c.objc; name = GlyphsTransformer.j; path = Transformers/GlyphsTransformer.j; sourceTree = SOURCE_ROOT; };
		1B1B48F68D7C71B0810E30C2 /* DateFormatTransformer.j */ = {isa = PBXFileReference; lastKnownFileType = sourcecode.c.objc; name = DateFormatTransformer.j; path = Transformers/DateFormatTransformer.j; sourceTree = SOURCE_ROOT; };
		1DCD4A98B602567F9EDA9C1A /* Transformers∕PngTransformer.m */ = {isa = PBXFileReference; lastKnownFileType = sourcecode.c.objc; name = "Transformers∕PngTransformer.m"; path = ".XcodeSupport/Transformers∕PngTransformer.m"; sourceTree = SOURCE_ROOT; };
		1F204BFF87EB14A167F215F1 /* Resource.j */ = {isa = PBXFileReference; lastKnownFileType = sourcecode.c.objc; name = Resource.j; path = Models/Resource.j; sourceTree = SOURCE_ROOT; };
		236B4197866DE85A93E64D7A /* Controllers∕InteractiveJobsController.m */ = {isa = PBXFileReference; lastKnownFileType = sourcecode.c.objc; name = "Controllers∕InteractiveJobsController.m"; path = ".XcodeSupport/Controllers∕InteractiveJobsController.m"; sourceTree = SOURCE_ROOT; };
		267B4C2B809E20FEF33F82FA /* Menu.m */ = {isa = PBXFileReference; lastKnownFileType = sourcecode.c.objc; name = Menu.m; path = .XcodeSupport/Menu.m; sourceTree = SOURCE_ROOT; };
		2AD64C6C9052547CF348AE01 /* WorkflowJobSettingModelTest.j */ = {isa = PBXFileReference; lastKnownFileType = sourcecode.c.objc; name = WorkflowJobSettingModelTest.j; path = Test/WorkflowJobSettingModelTest.j; sourceTree = SOURCE_ROOT; };
		2BD54F80AD39B7F1AE2085C6 /* RoundedRectangle.j */ = {isa = PBXFileReference; lastKnownFileType = sourcecode.c.objc; path = RoundedRectangle.j; sourceTree = SOURCE_ROOT; };
		2C3A409FB6EE046E0DB1E7FF /* InputPort.j */ = {isa = PBXFileReference; lastKnownFileType = sourcecode.c.objc; path = InputPort.j; sourceTree = SOURCE_ROOT; };
		2C4641A6B81C5AD598DD4E41 /* Test∕RunJobModelTest.h */ = {isa = PBXFileReference; lastKnownFileType = sourcecode.c.h; name = "Test∕RunJobModelTest.h"; path = ".XcodeSupport/Test∕RunJobModelTest.h"; sourceTree = SOURCE_ROOT; };
		2D814FEFBCB5372A255E51EE /* ResourceController.j */ = {isa = PBXFileReference; lastKnownFileType = sourcecode.c.objc; name = ResourceController.j; path = Controllers/ResourceController.j; sourceTree = SOURCE_ROOT; };
		2DC3418493880A381445A362 /* Models∕Job.h */ = {isa = PBXFileReference; lastKnownFileType = sourcecode.c.h; name = "Models∕Job.h"; path = ".XcodeSupport/Models∕Job.h"; sourceTree = SOURCE_ROOT; };
		2E104CB8856100E5658EDCA3 /* Transformers∕RunJobSettingsTransformer.m */ = {isa = PBXFileReference; lastKnownFileType = sourcecode.c.objc; name = "Transformers∕RunJobSettingsTransformer.m"; path = ".XcodeSupport/Transformers∕RunJobSettingsTransformer.m"; sourceTree = SOURCE_ROOT; };
		2E3B43F680845DA36E46AA33 /* inputPort.m */ = {isa = PBXFileReference; lastKnownFileType = sourcecode.c.objc; name = inputPort.m; path = .XcodeSupport/inputPort.m; sourceTree = SOURCE_ROOT; };
		31EE4703A4C3590E2DEE772B /* UserPreferencesController.j */ = {isa = PBXFileReference; lastKnownFileType = sourcecode.c.objc; name = UserPreferencesController.j; path = Controllers/UserPreferencesController.j; sourceTree = SOURCE_ROOT; };
		322D4B3497644032230ADA7B /* PageController.j */ = {isa = PBXFileReference; lastKnownFileType = sourcecode.c.objc; name = PageController.j; path = Controllers/PageController.j; sourceTree = SOURCE_ROOT; };
		352C410BAAAA4F920B335B8C /* Test∕WorkflowJobModelTest.h */ = {isa = PBXFileReference; lastKnownFileType = sourcecode.c.h; name = "Test∕WorkflowJobModelTest.h"; path = ".XcodeSupport/Test∕WorkflowJobModelTest.h"; sourceTree = SOURCE_ROOT; };
		35AC4664943B877761EC7F7F /* WorkflowJob.h */ = {isa = PBXFileReference; lastKnownFileType = sourcecode.c.h; name = WorkflowJob.h; path = .XcodeSupport/WorkflowJob.h; sourceTree = SOURCE_ROOT; };
		363944CD85BC5771FD062C31 /* WorkflowJobModelTest.j */ = {isa = PBXFileReference; lastKnownFileType = sourcecode.c.objc; name = WorkflowJobModelTest.j; path = Test/WorkflowJobModelTest.j; sourceTree = SOURCE_ROOT; };
		363F49AD9A2898D67129C140 /* WorkflowDesignerView.m */ = {isa = PBXFileReference; lastKnownFileType = sourcecode.c.objc; name = WorkflowDesignerView.m; path = .XcodeSupport/WorkflowDesignerView.m; sourceTree = SOURCE_ROOT; };
		38164DE88A58392C1F6729E6 /* Link.h */ = {isa = PBXFileReference; lastKnownFileType = sourcecode.c.h; name = Link.h; path = .XcodeSupport/Link.h; sourceTree = SOURCE_ROOT; };
		3ABA42ADB24AB68C887104E0 /* Transformers∕ResultsDisplayTransformer.m */ = {isa = PBXFileReference; lastKnownFileType = sourcecode.c.objc; name = "Transformers∕ResultsDisplayTransformer.m"; path = ".XcodeSupport/Transformers∕ResultsDisplayTransformer.m"; sourceTree = SOURCE_ROOT; };
		3B8D4E15888136898CC04210 /* ToolPanel.h */ = {isa = PBXFileReference; lastKnownFileType = sourcecode.c.h; name = ToolPanel.h; path = .XcodeSupport/ToolPanel.h; sourceTree = SOURCE_ROOT; };
		3C2F4BCEB270F8BD86272F59 /* OutputPort.j */ = {isa = PBXFileReference; lastKnownFileType = sourcecode.c.objc; path = OutputPort.j; sourceTree = SOURCE_ROOT; };
		3C9049BD99116F1834AD27DF /* SettingsHUD.h */ = {isa = PBXFileReference; lastKnownFileType = sourcecode.c.h; name = SettingsHUD.h; path = .XcodeSupport/SettingsHUD.h; sourceTree = SOURCE_ROOT; };
		3CBA46EAA7CBE3C6C10BF81C /* Controllers∕ResourceController.h */ = {isa = PBXFileReference; lastKnownFileType = sourcecode.c.h; name = "Controllers∕ResourceController.h"; path = ".XcodeSupport/Controllers∕ResourceController.h"; sourceTree = SOURCE_ROOT; };
		3E2A4DDCBACCDE639DBEC6B9 /* WorkflowDesignerView.j */ = {isa = PBXFileReference; lastKnownFileType = sourcecode.c.objc; path = WorkflowDesignerView.j; sourceTree = SOURCE_ROOT; };
		3F374ED3AA9873FE21EDFD1C /* Controllers∕ResultsPackageController.h */ = {isa = PBXFileReference; lastKnownFileType = sourcecode.c.h; name = "Controllers∕ResultsPackageController.h"; path = ".XcodeSupport/Controllers∕ResultsPackageController.h"; sourceTree = SOURCE_ROOT; };
		41E7434DA14930243C844FE0 /* Transformers∕RunJobSettingsTransformer.h */ = {isa = PBXFileReference; lastKnownFileType = sourcecode.c.h; name = "Transformers∕RunJobSettingsTransformer.h"; path = ".XcodeSupport/Transformers∕RunJobSettingsTransformer.h"; sourceTree = SOURCE_ROOT; };
		43384347B43EA7A792B0542E /* ToolPanel.j */ = {isa = PBXFileReference; lastKnownFileType = sourcecode.c.objc; path = ToolPanel.j; sourceTree = SOURCE_ROOT; };
		43A247C895C8AC3FBD8E117E /* Transformers∕RunJobStatusTransformer.h */ = {isa = PBXFileReference; lastKnownFileType = sourcecode.c.h; name = "Transformers∕RunJobStatusTransformer.h"; path = ".XcodeSupport/Transformers∕RunJobStatusTransformer.h"; sourceTree = SOURCE_ROOT; };
		44C44540B0E3E9B40211A3C1 /* ToolsView.m */ = {isa = PBXFileReference; lastKnownFileType = sourcecode.c.objc; name = ToolsView.m; path = .XcodeSupport/ToolsView.m; sourceTree = SOURCE_ROOT; };
		44EC4590973C4E7C02D081E7 /* Transformers∕GlyphsTransformer.m */ = {isa = PBXFileReference; lastKnownFileType = sourcecode.c.objc; name = "Transformers∕GlyphsTransformer.m"; path = ".XcodeSupport/Transformers∕GlyphsTransformer.m"; sourceTree = SOURCE_ROOT; };
		460443BF8E932C755E283F31 /* WorkflowJob-new.j */ = {isa = PBXFileReference; lastKnownFileType = sourcecode.c.objc; name = WorkflowJob-new.j; path = WorkflowJob-new.j; sourceTree = SOURCE_ROOT; };
		464548FAA8608591704D2C89 /* inputPort.h */ = {isa = PBXFileReference; lastKnownFileType = sourcecode.c.h; name = inputPort.h; path = .XcodeSupport/inputPort.h; sourceTree = SOURCE_ROOT; };
		46D349B9A2F102EDA8938864 /* Test∕ResultsPackageModelTest.h */ = {isa = PBXFileReference; lastKnownFileType = sourcecode.c.h; name = "Test∕ResultsPackageModelTest.h"; path = ".XcodeSupport/Test∕ResultsPackageModelTest.h"; sourceTree = SOURCE_ROOT; };
		47774066B4BE1D9B5420273C /* OutlineView.h */ = {isa = PBXFileReference; lastKnownFileType = sourcecode.c.h; name = OutlineView.h; path = .XcodeSupport/OutlineView.h; sourceTree = SOURCE_ROOT; };
		4CE7462A8BB467DE54AF565B /* ResultsPackageController.j */ = {isa = PBXFileReference; lastKnownFileType = sourcecode.c.objc; name = ResultsPackageController.j; path = Controllers/ResultsPackageController.j; sourceTree = SOURCE_ROOT; };
		4E2E44F8A98A999019B35D22 /* RetryFailedRunJobsTransformer.j */ = {isa = PBXFileReference; lastKnownFileType = sourcecode.c.objc; name = RetryFailedRunJobsTransformer.j; path = Transformers/RetryFailedRunJobsTransformer.j; sourceTree = SOURCE_ROOT; };
		4F574397A67561FBB91EA7E4 /* Controllers∕PageController.h */ = {isa = PBXFileReference; lastKnownFileType = sourcecode.c.h; name = "Controllers∕PageController.h"; path = ".XcodeSupport/Controllers∕PageController.h"; sourceTree = SOURCE_ROOT; };
		4F5E41EE879DEB96B2C96AC3 /* Controllers∕ServerAdminController.m */ = {isa = PBXFileReference; lastKnownFileType = sourcecode.c.objc; name = "Controllers∕ServerAdminController.m"; path = ".XcodeSupport/Controllers∕ServerAdminController.m"; sourceTree = SOURCE_ROOT; };
		501A46209C6B1F46C187038E /* OutputPort.m */ = {isa = PBXFileReference; lastKnownFileType = sourcecode.c.objc; name = OutputPort.m; path = .XcodeSupport/OutputPort.m; sourceTree = SOURCE_ROOT; };
		53464EE0A02A0866C9352E33 /* Test∕TreeNodeModelTest.h */ = {isa = PBXFileReference; lastKnownFileType = sourcecode.c.h; name = "Test∕TreeNodeModelTest.h"; path = ".XcodeSupport/Test∕TreeNodeModelTest.h"; sourceTree = SOURCE_ROOT; };
		57C4417582CDFB5E5C9B9E94 /* Controllers∕PageController.m */ = {isa = PBXFileReference; lastKnownFileType = sourcecode.c.objc; name = "Controllers∕PageController.m"; path = ".XcodeSupport/Controllers∕PageController.m"; sourceTree = SOURCE_ROOT; };
		59524006993EB544C60BBC64 /* InputPort.m */ = {isa = PBXFileReference; lastKnownFileType = sourcecode.c.objc; name = InputPort.m; path = .XcodeSupport/InputPort.m; sourceTree = SOURCE_ROOT; };
		5AEA4D7AB759B11D659D422A /* Test∕WorkflowJobSettingModelTest.h */ = {isa = PBXFileReference; lastKnownFileType = sourcecode.c.h; name = "Test∕WorkflowJobSettingModelTest.h"; path = ".XcodeSupport/Test∕WorkflowJobSettingModelTest.h"; sourceTree = SOURCE_ROOT; };
		5E24447C835573A0E7C0F619 /* Job.j */ = {isa = PBXFileReference; lastKnownFileType = sourcecode.c.objc; name = Job.j; path = Job.j; sourceTree = SOURCE_ROOT; };
		5FAF4A129309B2D3947E53AC /* Models∕Job.m */ = {isa = PBXFileReference; lastKnownFileType = sourcecode.c.objc; name = "Models∕Job.m"; path = ".XcodeSupport/Models∕Job.m"; sourceTree = SOURCE_ROOT; };
		61DE4A57B27B2FA67F40455D /* Test∕UserModelTest.h */ = {isa = PBXFileReference; lastKnownFileType = sourcecode.c.h; name = "Test∕UserModelTest.h"; path = ".XcodeSupport/Test∕UserModelTest.h"; sourceTree = SOURCE_ROOT; };
		628E4E01867BD4AABC7BBCB5 /* OutlineView.j */ = {isa = PBXFileReference; lastKnownFileType = sourcecode.c.objc; name = OutlineView.j; path = OutlineView.j; sourceTree = SOURCE_ROOT; };
		632F43599A8E3BCEA7E62B3E /* WorkflowController.j */ = {isa = PBXFileReference; lastKnownFileType = sourcecode.c.objc; name = WorkflowController.j; path = Controllers/WorkflowController.j; sourceTree = SOURCE_ROOT; };
		633045398E54875D46AFC4F0 /* Transformers∕GameraClassNameTransformer.m */ = {isa = PBXFileReference; lastKnownFileType = sourcecode.c.objc; name = "Transformers∕GameraClassNameTransformer.m"; path = ".XcodeSupport/Transformers∕GameraClassNameTransformer.m"; sourceTree = SOURCE_ROOT; };
		63344222BF11796C2C5C1160 /* UploadWindowController.j */ = {isa = PBXFileReference; lastKnownFileType = sourcecode.c.objc; name = UploadWindowController.j; path = Controllers/UploadWindowController.j; sourceTree = SOURCE_ROOT; };
		63BB43ED95B8D94CC17DDEF8 /* InputPort.h */ = {isa = PBXFileReference; lastKnownFileType = sourcecode.c.h; name = InputPort.h; path = .XcodeSupport/InputPort.h; sourceTree = SOURCE_ROOT; };
		64A94D0DAED60ACB9C85DCEE /* ProjectModelTest.j */ = {isa = PBXFileReference; lastKnownFileType = sourcecode.c.objc; name = ProjectModelTest.j; path = Test/ProjectModelTest.j; sourceTree = SOURCE_ROOT; };
		66F540DEBBAD4EC0F59FBB4D /* Transformers∕DateFormatTransformer.m */ = {isa = PBXFileReference; lastKnownFileType = sourcecode.c.objc; name = "Transformers∕DateFormatTransformer.m"; path = ".XcodeSupport/Transformers∕DateFormatTransformer.m"; sourceTree = SOURCE_ROOT; };
		68DF410ABE9E23DA4184AC62 /* Test∕WorkflowRunModelTest.m */ = {isa = PBXFileReference; lastKnownFileType = sourcecode.c.objc; name = "Test∕WorkflowRunModelTest.m"; path = ".XcodeSupport/Test∕WorkflowRunModelTest.m"; sourceTree = SOURCE_ROOT; };
		6A354D48A7E34526A4D1378E /* ByteCountTransformer.j */ = {isa = PBXFileReference; lastKnownFileType = sourcecode.c.objc; name = ByteCountTransformer.j; path = Transformers/ByteCountTransformer.j; sourceTree = SOURCE_ROOT; };
		6C3C44DEB26F65118BF9C77D /* Seed.h */ = {isa = PBXFileReference; lastKnownFileType = sourcecode.c.h; name = Seed.h; path = .XcodeSupport/Seed.h; sourceTree = SOURCE_ROOT; };
		6F0A4210B3AD81B0FA7D36BF /* Transformers∕PngTransformer.h */ = {isa = PBXFileReference; lastKnownFileType = sourcecode.c.h; name = "Transformers∕PngTransformer.h"; path = ".XcodeSupport/Transformers∕PngTransformer.h"; sourceTree = SOURCE_ROOT; };
		6F6B42D79F07F2F36D2B70CE /* OutlineView.m */ = {isa = PBXFileReference; lastKnownFileType = sourcecode.c.objc; name = OutlineView.m; path = .XcodeSupport/OutlineView.m; sourceTree = SOURCE_ROOT; };
		71284E5AB895875332976DB0 /* Transformers∕ResultsDisplayTransformer.h */ = {isa = PBXFileReference; lastKnownFileType = sourcecode.c.h; name = "Transformers∕ResultsDisplayTransformer.h"; path = ".XcodeSupport/Transformers∕ResultsDisplayTransformer.h"; sourceTree = SOURCE_ROOT; };
		74034E28B88DC30468689421 /* Controllers∕MenuItemsController.h */ = {isa = PBXFileReference; lastKnownFileType = sourcecode.c.h; name = "Controllers∕MenuItemsController.h"; path = ".XcodeSupport/Controllers∕MenuItemsController.h"; sourceTree = SOURCE_ROOT; };
		77B84F0FA94F6520E3BE7AC0 /* Transformers∕ByteCountTransformer.h */ = {isa = PBXFileReference; lastKnownFileType = sourcecode.c.h; name = "Transformers∕ByteCountTransformer.h"; path = ".XcodeSupport/Transformers∕ByteCountTransformer.h"; sourceTree = SOURCE_ROOT; };
		790C4101A93B9DD04829ABA9 /* ToolsView.j */ = {isa = PBXFileReference; lastKnownFileType = sourcecode.c.objc; path = ToolsView.j; sourceTree = SOURCE_ROOT; };
		7984447BA338E47B9DB58F2C /* Controllers∕ProjectController.m */ = {isa = PBXFileReference; lastKnownFileType = sourcecode.c.objc; name = "Controllers∕ProjectController.m"; path = ".XcodeSupport/Controllers∕ProjectController.m"; sourceTree = SOURCE_ROOT; };
		7A954D77ADE5B05652A8C835 /* Controllers∕JobController.m */ = {isa = PBXFileReference; lastKnownFileType = sourcecode.c.objc; name = "Controllers∕JobController.m"; path = ".XcodeSupport/Controllers∕JobController.m"; sourceTree = SOURCE_ROOT; };
		7A9A4B348571C350B47EC602 /* Job.j */ = {isa = PBXFileReference; lastKnownFileType = sourcecode.c.objc; name = Job.j; path = Models/Job.j; sourceTree = SOURCE_ROOT; };
		7B134C9BA6671ED612DA500E /* Models∕WorkflowJob.h */ = {isa = PBXFileReference; lastKnownFileType = sourcecode.c.h; name = "Models∕WorkflowJob.h"; path = ".XcodeSupport/Models∕WorkflowJob.h"; sourceTree = SOURCE_ROOT; };
		7D7D494594BB48D6506C0C03 /* Controllers∕ProjectController.h */ = {isa = PBXFileReference; lastKnownFileType = sourcecode.c.h; name = "Controllers∕ProjectController.h"; path = ".XcodeSupport/Controllers∕ProjectController.h"; sourceTree = SOURCE_ROOT; };
		7ED34FE7B7B5B882EFC723F9 /* RunJobSettingsTransformer.j */ = {isa = PBXFileReference; lastKnownFileType = sourcecode.c.objc; name = RunJobSettingsTransformer.j; path = Transformers/RunJobSettingsTransformer.j; sourceTree = SOURCE_ROOT; };
		818D4B07ACC5AE10BD2522E7 /* Controllers∕ServerAdminController.h */ = {isa = PBXFileReference; lastKnownFileType = sourcecode.c.h; name = "Controllers∕ServerAdminController.h"; path = ".XcodeSupport/Controllers∕ServerAdminController.h"; sourceTree = SOURCE_ROOT; };
		8421465D904EBD74D862C80C /* Test∕ProjectModelTest.h */ = {isa = PBXFileReference; lastKnownFileType = sourcecode.c.h; name = "Test∕ProjectModelTest.h"; path = ".XcodeSupport/Test∕ProjectModelTest.h"; sourceTree = SOURCE_ROOT; };
		849B4540A729803A2459C4C6 /* Test∕UserModelTest.m */ = {isa = PBXFileReference; lastKnownFileType = sourcecode.c.objc; name = "Test∕UserModelTest.m"; path = ".XcodeSupport/Test∕UserModelTest.m"; sourceTree = SOURCE_ROOT; };
		86DA43DB80F6B6559E01153A /* JobArgumentsTransformer.j */ = {isa = PBXFileReference; lastKnownFileType = sourcecode.c.objc; name = JobArgumentsTransformer.j; path = Transformers/JobArgumentsTransformer.j; sourceTree = SOURCE_ROOT; };
		8AB34B99BDA8EA802355BCA9 /* Controllers∕LogInController.m */ = {isa = PBXFileReference; lastKnownFileType = sourcecode.c.objc; name = "Controllers∕LogInController.m"; path = ".XcodeSupport/Controllers∕LogInController.m"; sourceTree = SOURCE_ROOT; };
		8DC54715BE4B174BA02F59CF /* UserModelTest.j */ = {isa = PBXFileReference; lastKnownFileType = sourcecode.c.objc; name = UserModelTest.j; path = Test/UserModelTest.j; sourceTree = SOURCE_ROOT; };
		8F22459DAA8A6C50FE5D2987 /* Controllers∕ResultsPackageController.m */ = {isa = PBXFileReference; lastKnownFileType = sourcecode.c.objc; name = "Controllers∕ResultsPackageController.m"; path = ".XcodeSupport/Controllers∕ResultsPackageController.m"; sourceTree = SOURCE_ROOT; };
		8FE445DC9424C8E34CB7C0A5 /* WorkflowModelTest.j */ = {isa = PBXFileReference; lastKnownFileType = sourcecode.c.objc; name = WorkflowModelTest.j; path = Test/WorkflowModelTest.j; sourceTree = SOURCE_ROOT; };
		92254A3BB9167102FD965307 /* Test∕ProjectModelTest.m */ = {isa = PBXFileReference; lastKnownFileType = sourcecode.c.objc; name = "Test∕ProjectModelTest.m"; path = ".XcodeSupport/Test∕ProjectModelTest.m"; sourceTree = SOURCE_ROOT; };
		9247461C92CF2D7AD8DBFABF /* UsernameTransformer.j */ = {isa = PBXFileReference; lastKnownFileType = sourcecode.c.objc; name = UsernameTransformer.j; path = Transformers/UsernameTransformer.j; sourceTree = SOURCE_ROOT; };
		93DA477F998D0BAC16CC817D /* Test∕PageModelTest.h */ = {isa = PBXFileReference; lastKnownFileType = sourcecode.c.h; name = "Test∕PageModelTest.h"; path = ".XcodeSupport/Test∕PageModelTest.h"; sourceTree = SOURCE_ROOT; };
		9568401582C8B85F0B4C6CC3 /* Test∕WorkflowRunModelTest.h */ = {isa = PBXFileReference; lastKnownFileType = sourcecode.c.h; name = "Test∕WorkflowRunModelTest.h"; path = ".XcodeSupport/Test∕WorkflowRunModelTest.h"; sourceTree = SOURCE_ROOT; };
		961F42AFAAB09D34AF1C4910 /* ResultModelTest.j */ = {isa = PBXFileReference; lastKnownFileType = sourcecode.c.objc; name = ResultModelTest.j; path = Test/ResultModelTest.j; sourceTree = SOURCE_ROOT; };
		97844FEC9F5BC332D897C6B4 /* Seed.j */ = {isa = PBXFileReference; lastKnownFileType = sourcecode.c.objc; name = Seed.j; path = Seed.j; sourceTree = SOURCE_ROOT; };
		97BB4860A8306D5730AD6F65 /* WorkflowJob.j */ = {isa = PBXFileReference; lastKnownFileType = sourcecode.c.objc; name = WorkflowJob.j; path = Models/WorkflowJob.j; sourceTree = SOURCE_ROOT; };
		988647AAB89511B49E531572 /* SettingsHUD.j */ = {isa = PBXFileReference; lastKnownFileType = sourcecode.c.objc; path = SettingsHUD.j; sourceTree = SOURCE_ROOT; };
		99664C52BA3D4599B66702C5 /* Transformers∕RunJobStatusTransformer.m */ = {isa = PBXFileReference; lastKnownFileType = sourcecode.c.objc; name = "Transformers∕RunJobStatusTransformer.m"; path = ".XcodeSupport/Transformers∕RunJobStatusTransformer.m"; sourceTree = SOURCE_ROOT; };
		9A4F4A59A551954603E6567A /* LogInController.j */ = {isa = PBXFileReference; lastKnownFileType = sourcecode.c.objc; name = LogInController.j; path = Controllers/LogInController.j; sourceTree = SOURCE_ROOT; };
		9BB64B36BBD4871585EAB583 /* Controllers∕LogInController.h */ = {isa = PBXFileReference; lastKnownFileType = sourcecode.c.h; name = "Controllers∕LogInController.h"; path = ".XcodeSupport/Controllers∕LogInController.h"; sourceTree = SOURCE_ROOT; };
		9C234E8791F6E9F559688057 /* Models∕WorkflowJob.m */ = {isa = PBXFileReference; lastKnownFileType = sourcecode.c.objc; name = "Models∕WorkflowJob.m"; path = ".XcodeSupport/Models∕WorkflowJob.m"; sourceTree = SOURCE_ROOT; };
		9C8F4B938420D1287C2CEDA8 /* Transformers∕ArrayCountTransformer.h */ = {isa = PBXFileReference; lastKnownFileType = sourcecode.c.h; name = "Transformers∕ArrayCountTransformer.h"; path = ".XcodeSupport/Transformers∕ArrayCountTransformer.h"; sourceTree = SOURCE_ROOT; };
		9DDA449DA87A909F9A38520C /* Test∕PageModelTest.m */ = {isa = PBXFileReference; lastKnownFileType = sourcecode.c.objc; name = "Test∕PageModelTest.m"; path = ".XcodeSupport/Test∕PageModelTest.m"; sourceTree = SOURCE_ROOT; };
		9E6C4F309F230180544804F7 /* JobModelTest.j */ = {isa = PBXFileReference; lastKnownFileType = sourcecode.c.objc; name = JobModelTest.j; path = Test/JobModelTest.j; sourceTree = SOURCE_ROOT; };
		9EFF4BAFBCA6BF8E5782282F /* Transformers∕DateFormatTransformer.h */ = {isa = PBXFileReference; lastKnownFileType = sourcecode.c.h; name = "Transformers∕DateFormatTransformer.h"; path = ".XcodeSupport/Transformers∕DateFormatTransformer.h"; sourceTree = SOURCE_ROOT; };
		A1A042258A7390C0DDE942C4 /* Controllers∕WorkflowController.h */ = {isa = PBXFileReference; lastKnownFileType = sourcecode.c.h; name = "Controllers∕WorkflowController.h"; path = ".XcodeSupport/Controllers∕WorkflowController.h"; sourceTree = SOURCE_ROOT; };
		A2984692862348A4D244C716 /* inputPort.j */ = {isa = PBXFileReference; lastKnownFileType = sourcecode.c.objc; path = inputPort.j; sourceTree = SOURCE_ROOT; };
		A34643F29E8CC659902E6A22 /* Transformers∕JobTypeTransformer.h */ = {isa = PBXFileReference; lastKnownFileType = sourcecode.c.h; name = "Transformers∕JobTypeTransformer.h"; path = ".XcodeSupport/Transformers∕JobTypeTransformer.h"; sourceTree = SOURCE_ROOT; };
		A3FA43329AED7E6995D978FE /* xcc_general_include.h */ = {isa = PBXFileReference; lastKnownFileType = sourcecode.c.h; name = xcc_general_include.h; path = .XcodeSupport/xcc_general_include.h; sourceTree = SOURCE_ROOT; };
		A7294BCFA44F9926091E8409 /* WorkflowJob.m */ = {isa = PBXFileReference; lastKnownFileType = sourcecode.c.objc; name = WorkflowJob.m; path = .XcodeSupport/WorkflowJob.m; sourceTree = SOURCE_ROOT; };
		A81F4019BC0FC4715BEC0F79 /* DummyTest.j */ = {isa = PBXFileReference; lastKnownFileType = sourcecode.c.objc; name = DummyTest.j; path = Test/DummyTest.j; sourceTree = SOURCE_ROOT; };
		A8B940DA893E9FA29AE77C5D /* Transformers∕CheckBoxTransformer.m */ = {isa = PBXFileReference; lastKnownFileType = sourcecode.c.objc; name = "Transformers∕CheckBoxTransformer.m"; path = ".XcodeSupport/Transformers∕CheckBoxTransformer.m"; sourceTree = SOURCE_ROOT; };
		AA414FCAAD96B8CE28EA187C /* Transformers∕ArrayCountTransformer.m */ = {isa = PBXFileReference; lastKnownFileType = sourcecode.c.objc; name = "Transformers∕ArrayCountTransformer.m"; path = ".XcodeSupport/Transformers∕ArrayCountTransformer.m"; sourceTree = SOURCE_ROOT; };
		ACCD4C7F9236ED32D88001D8 /* Transformers∕ResultThumbnailTransformer.m */ = {isa = PBXFileReference; lastKnownFileType = sourcecode.c.objc; name = "Transformers∕ResultThumbnailTransformer.m"; path = ".XcodeSupport/Transformers∕ResultThumbnailTransformer.m"; sourceTree = SOURCE_ROOT; };
		AD884CC387784573E6318D29 /* Transformers∕GameraClassNameTransformer.h */ = {isa = PBXFileReference; lastKnownFileType = sourcecode.c.h; name = "Transformers∕GameraClassNameTransformer.h"; path = ".XcodeSupport/Transformers∕GameraClassNameTransformer.h"; sourceTree = SOURCE_ROOT; };
		B20B46ABB362BEA7C9C21EEF /* RoundedRectangle.h */ = {isa = PBXFileReference; lastKnownFileType = sourcecode.c.h; name = RoundedRectangle.h; path = .XcodeSupport/RoundedRectangle.h; sourceTree = SOURCE_ROOT; };
		B26B48BCB424F3100E090D9A /* GameraClassNameTransformer.j */ = {isa = PBXFileReference; lastKnownFileType = sourcecode.c.objc; name = GameraClassNameTransformer.j; path = Transformers/GameraClassNameTransformer.j; sourceTree = SOURCE_ROOT; };
		B39349B3B4F08E8A704D815C /* TreeNodeModelTest.j */ = {isa = PBXFileReference; lastKnownFileType = sourcecode.c.objc; name = TreeNodeModelTest.j; path = Test/TreeNodeModelTest.j; sourceTree = SOURCE_ROOT; };
		B3D24C31BFCDA96DEBAF5437 /* Models∕Resource.h */ = {isa = PBXFileReference; lastKnownFileType = sourcecode.c.h; name = "Models∕Resource.h"; path = ".XcodeSupport/Models∕Resource.h"; sourceTree = SOURCE_ROOT; };
		B4B84B2D9D07569180860066 /* ResultsDisplayTransformer.j */ = {isa = PBXFileReference; lastKnownFileType = sourcecode.c.objc; name = ResultsDisplayTransformer.j; path = Transformers/ResultsDisplayTransformer.j; sourceTree = SOURCE_ROOT; };
		B4C847CE9FD67097709C6B77 /* Transformers∕GlyphsTransformer.h */ = {isa = PBXFileReference; lastKnownFileType = sourcecode.c.h; name = "Transformers∕GlyphsTransformer.h"; path = ".XcodeSupport/Transformers∕GlyphsTransformer.h"; sourceTree = SOURCE_ROOT; };
		B4DA4E75BEA43E3B39D58EF3 /* Controllers∕UploadWindowController.m */ = {isa = PBXFileReference; lastKnownFileType = sourcecode.c.objc; name = "Controllers∕UploadWindowController.m"; path = ".XcodeSupport/Controllers∕UploadWindowController.m"; sourceTree = SOURCE_ROOT; };
		B4E3450AB572374595153F60 /* Controllers∕UserPreferencesController.m */ = {isa = PBXFileReference; lastKnownFileType = sourcecode.c.objc; name = "Controllers∕UserPreferencesController.m"; path = ".XcodeSupport/Controllers∕UserPreferencesController.m"; sourceTree = SOURCE_ROOT; };
		B70D48BBBA29CED4C85C1910 /* Controllers∕WorkflowJobController.h */ = {isa = PBXFileReference; lastKnownFileType = sourcecode.c.h; name = "Controllers∕WorkflowJobController.h"; path = ".XcodeSupport/Controllers∕WorkflowJobController.h"; sourceTree = SOURCE_ROOT; };
		B71F4E72AB220E9BD2C9DF66 /* ArrayCountTransformer.j */ = {isa = PBXFileReference; lastKnownFileType = sourcecode.c.objc; name = ArrayCountTransformer.j; path = Transformers/ArrayCountTransformer.j; sourceTree = SOURCE_ROOT; };
		B74B4BD59F863AEB29AB90B9 /* ServerAdminController.j */ = {isa = PBXFileReference; lastKnownFileType = sourcecode.c.objc; name = ServerAdminController.j; path = Controllers/ServerAdminController.j; sourceTree = SOURCE_ROOT; };
		B87349E789C6632D5E69BFB4 /* AppController.j */ = {isa = PBXFileReference; lastKnownFileType = sourcecode.c.objc; path = AppController.j; sourceTree = SOURCE_ROOT; };
		B8BFF8D1194A041F00BFD5C4 /* WorkflowJobView.xib */ = {isa = PBXFileReference; lastKnownFileType = file.xib; path = WorkflowJobView.xib; sourceTree = "<group>"; };
		BA2742D1AE277B09DF4B9AC5 /* PngTransformer.j */ = {isa = PBXFileReference; lastKnownFileType = sourcecode.c.objc; name = PngTransformer.j; path = Transformers/PngTransformer.j; sourceTree = SOURCE_ROOT; };
		BD314914B17616B63EB0CF99 /* Test∕WorkflowModelTest.h */ = {isa = PBXFileReference; lastKnownFileType = sourcecode.c.h; name = "Test∕WorkflowModelTest.h"; path = ".XcodeSupport/Test∕WorkflowModelTest.h"; sourceTree = SOURCE_ROOT; };
		BE3041BA9ABC82F4EA61CB4B /* Controllers∕UploadWindowController.h */ = {isa = PBXFileReference; lastKnownFileType = sourcecode.c.h; name = "Controllers∕UploadWindowController.h"; path = ".XcodeSupport/Controllers∕UploadWindowController.h"; sourceTree = SOURCE_ROOT; };
		BF014A64B728916E8088958B /* Transformers∕JobTypeTransformer.m */ = {isa = PBXFileReference; lastKnownFileType = sourcecode.c.objc; name = "Transformers∕JobTypeTransformer.m"; path = ".XcodeSupport/Transformers∕JobTypeTransformer.m"; sourceTree = SOURCE_ROOT; };
		BF7C461F93A22AC2F160AA79 /* Test∕JobModelTest.h */ = {isa = PBXFileReference; lastKnownFileType = sourcecode.c.h; name = "Test∕JobModelTest.h"; path = ".XcodeSupport/Test∕JobModelTest.h"; sourceTree = SOURCE_ROOT; };
		C1C3440E94E80D80CB10BF59 /* Job.m */ = {isa = PBXFileReference; lastKnownFileType = sourcecode.c.objc; name = Job.m; path = .XcodeSupport/Job.m; sourceTree = SOURCE_ROOT; };
		C40B47B8A423D1222391CFA4 /* Seed.m */ = {isa = PBXFileReference; lastKnownFileType = sourcecode.c.objc; name = Seed.m; path = .XcodeSupport/Seed.m; sourceTree = SOURCE_ROOT; };
		C50E47E49795303FAEBFCCF6 /* RoundedRectangle.m */ = {isa = PBXFileReference; lastKnownFileType = sourcecode.c.objc; name = RoundedRectangle.m; path = .XcodeSupport/RoundedRectangle.m; sourceTree = SOURCE_ROOT; };
		C56942E594C5FEB9CF894A35 /* Transformers∕ResultThumbnailTransformer.h */ = {isa = PBXFileReference; lastKnownFileType = sourcecode.c.h; name = "Transformers∕ResultThumbnailTransformer.h"; path = ".XcodeSupport/Transformers∕ResultThumbnailTransformer.h"; sourceTree = SOURCE_ROOT; };
		C7004533AC0A567C5C450E6A /* Controllers∕JobController.h */ = {isa = PBXFileReference; lastKnownFileType = sourcecode.c.h; name = "Controllers∕JobController.h"; path = ".XcodeSupport/Controllers∕JobController.h"; sourceTree = SOURCE_ROOT; };
		C7794D08AE2B4C303A38257D /* outputPort.h */ = {isa = PBXFileReference; lastKnownFileType = sourcecode.c.h; name = outputPort.h; path = .XcodeSupport/outputPort.h; sourceTree = SOURCE_ROOT; };
		C8D344D4B7146D769253ED76 /* ResultsPackageModelTest.j */ = {isa = PBXFileReference; lastKnownFileType = sourcecode.c.objc; name = ResultsPackageModelTest.j; path = Test/ResultsPackageModelTest.j; sourceTree = SOURCE_ROOT; };
		CA624183AEA7A642A45FBCBE /* WorkflowJob-new.h */ = {isa = PBXFileReference; lastKnownFileType = sourcecode.c.h; name = WorkflowJob-new.h; path = .XcodeSupport/WorkflowJob-new.h; sourceTree = SOURCE_ROOT; };
		CB794480A90099F997B010C7 /* ToolPanel.m */ = {isa = PBXFileReference; lastKnownFileType = sourcecode.c.objc; name = ToolPanel.m; path = .XcodeSupport/ToolPanel.m; sourceTree = SOURCE_ROOT; };
		CDA84E658CB3B716D5999E53 /* AppController.h */ = {isa = PBXFileReference; lastKnownFileType = sourcecode.c.h; name = AppController.h; path = .XcodeSupport/AppController.h; sourceTree = SOURCE_ROOT; };
		D0DC4CD8BC4569CE6C5B296E /* ResultThumbnailTransformer.j */ = {isa = PBXFileReference; lastKnownFileType = sourcecode.c.objc; name = ResultThumbnailTransformer.j; path = Transformers/ResultThumbnailTransformer.j; sourceTree = SOURCE_ROOT; };
		D0F04508B016E1406DEC9DD1 /* Transformers∕CheckBoxTransformer.h */ = {isa = PBXFileReference; lastKnownFileType = sourcecode.c.h; name = "Transformers∕CheckBoxTransformer.h"; path = ".XcodeSupport/Transformers∕CheckBoxTransformer.h"; sourceTree = SOURCE_ROOT; };
		D193459D83476A3CFC4C80E1 /* Transformers∕JobArgumentsTransformer.m */ = {isa = PBXFileReference; lastKnownFileType = sourcecode.c.objc; name = "Transformers∕JobArgumentsTransformer.m"; path = ".XcodeSupport/Transformers∕JobArgumentsTransformer.m"; sourceTree = SOURCE_ROOT; };
		D1F34AF0B173C8D389CC167E /* Menu.j */ = {isa = PBXFileReference; lastKnownFileType = sourcecode.c.objc; name = Menu.j; path = Menu.j; sourceTree = SOURCE_ROOT; };
		D3864AFEA6392A91F87E539C /* Transformers∕JobArgumentsTransformer.h */ = {isa = PBXFileReference; lastKnownFileType = sourcecode.c.h; name = "Transformers∕JobArgumentsTransformer.h"; path = ".XcodeSupport/Transformers∕JobArgumentsTransformer.h"; sourceTree = SOURCE_ROOT; };
		D752402EA274152299BB039D /* MenuItemsController.j */ = {isa = PBXFileReference; lastKnownFileType = sourcecode.c.objc; name = MenuItemsController.j; path = Controllers/MenuItemsController.j; sourceTree = SOURCE_ROOT; };
		D8344B92A45ADDF67A65E86D /* AppController.m */ = {isa = PBXFileReference; lastKnownFileType = sourcecode.c.objc; name = AppController.m; path = .XcodeSupport/AppController.m; sourceTree = SOURCE_ROOT; };
		D9FA496A9AEF1DC000802404 /* JobController.j */ = {isa = PBXFileReference; lastKnownFileType = sourcecode.c.objc; name = JobController.j; path = Controllers/JobController.j; sourceTree = SOURCE_ROOT; };
		DC0E4F7FBD3830343799DCA6 /* outputPort.m */ = {isa = PBXFileReference; lastKnownFileType = sourcecode.c.objc; name = outputPort.m; path = .XcodeSupport/outputPort.m; sourceTree = SOURCE_ROOT; };
		DD6A4ABABE91E222152B56B2 /* WorkflowRunModelTest.j */ = {isa = PBXFileReference; lastKnownFileType = sourcecode.c.objc; name = WorkflowRunModelTest.j; path = Test/WorkflowRunModelTest.j; sourceTree = SOURCE_ROOT; };
		DFA2478BAA4EF5B4D0FDDF60 /* Test∕ResultModelTest.h */ = {isa = PBXFileReference; lastKnownFileType = sourcecode.c.h; name = "Test∕ResultModelTest.h"; path = ".XcodeSupport/Test∕ResultModelTest.h"; sourceTree = SOURCE_ROOT; };
		E164FE29172185F500263CE3 /* Resources */ = {isa = PBXFileReference; lastKnownFileType = folder; path = Resources; sourceTree = "<group>"; };
		E19C4A6DB7DD5A0FCD4EEEF3 /* Transformers∕UsernameTransformer.h */ = {isa = PBXFileReference; lastKnownFileType = sourcecode.c.h; name = "Transformers∕UsernameTransformer.h"; path = ".XcodeSupport/Transformers∕UsernameTransformer.h"; sourceTree = SOURCE_ROOT; };
		E1E344ACAB3480DE2240813F /* Controllers∕WorkflowController.m */ = {isa = PBXFileReference; lastKnownFileType = sourcecode.c.objc; name = "Controllers∕WorkflowController.m"; path = ".XcodeSupport/Controllers∕WorkflowController.m"; sourceTree = SOURCE_ROOT; };
		E4F04DE1B2513745A16EFA35 /* Transformers∕RetryFailedRunJobsTransformer.m */ = {isa = PBXFileReference; lastKnownFileType = sourcecode.c.objc; name = "Transformers∕RetryFailedRunJobsTransformer.m"; path = ".XcodeSupport/Transformers∕RetryFailedRunJobsTransformer.m"; sourceTree = SOURCE_ROOT; };
		E663484A9792E8C19BF30C77 /* Controllers∕InteractiveJobsController.h */ = {isa = PBXFileReference; lastKnownFileType = sourcecode.c.h; name = "Controllers∕InteractiveJobsController.h"; path = ".XcodeSupport/Controllers∕InteractiveJobsController.h"; sourceTree = SOURCE_ROOT; };
		EBCF4DAEADC752006B327B0C /* Test∕RunJobModelTest.m */ = {isa = PBXFileReference; lastKnownFileType = sourcecode.c.objc; name = "Test∕RunJobModelTest.m"; path = ".XcodeSupport/Test∕RunJobModelTest.m"; sourceTree = SOURCE_ROOT; };
		EC0C44E9802534061CF307F1 /* Transformers∕ByteCountTransformer.m */ = {isa = PBXFileReference; lastKnownFileType = sourcecode.c.objc; name = "Transformers∕ByteCountTransformer.m"; path = ".XcodeSupport/Transformers∕ByteCountTransformer.m"; sourceTree = SOURCE_ROOT; };
		EDC94791AABEC78914C36A7B /* RunJobModelTest.j */ = {isa = PBXFileReference; lastKnownFileType = sourcecode.c.objc; name = RunJobModelTest.j; path = Test/RunJobModelTest.j; sourceTree = SOURCE_ROOT; };
		F0324D46978AF88DB0C575C4 /* Models∕Resource.m */ = {isa = PBXFileReference; lastKnownFileType = sourcecode.c.objc; name = "Models∕Resource.m"; path = ".XcodeSupport/Models∕Resource.m"; sourceTree = SOURCE_ROOT; };
		F0494D6FB6B59E6890CAC1FE /* Test∕DummyTest.h */ = {isa = PBXFileReference; lastKnownFileType = sourcecode.c.h; name = "Test∕DummyTest.h"; path = ".XcodeSupport/Test∕DummyTest.h"; sourceTree = SOURCE_ROOT; };
		F0BD45EC848A308D2339D1BB /* Controllers∕MenuItemsController.m */ = {isa = PBXFileReference; lastKnownFileType = sourcecode.c.objc; name = "Controllers∕MenuItemsController.m"; path = ".XcodeSupport/Controllers∕MenuItemsController.m"; sourceTree = SOURCE_ROOT; };
		F2C54D0AB7A5C740237D7CF3 /* Test∕WorkflowJobModelTest.m */ = {isa = PBXFileReference; lastKnownFileType = sourcecode.c.objc; name = "Test∕WorkflowJobModelTest.m"; path = ".XcodeSupport/Test∕WorkflowJobModelTest.m"; sourceTree = SOURCE_ROOT; };
		F4BA439F98C55ABA5FB5AB52 /* OutputPort.h */ = {isa = PBXFileReference; lastKnownFileType = sourcecode.c.h; name = OutputPort.h; path = .XcodeSupport/OutputPort.h; sourceTree = SOURCE_ROOT; };
		F52E468D8AAB5E0F55E4AD62 /* Test∕DummyTest.m */ = {isa = PBXFileReference; lastKnownFileType = sourcecode.c.objc; name = "Test∕DummyTest.m"; path = ".XcodeSupport/Test∕DummyTest.m"; sourceTree = SOURCE_ROOT; };
		F5CD479A93959C81A7371FA7 /* Test∕ResultModelTest.m */ = {isa = PBXFileReference; lastKnownFileType = sourcecode.c.objc; name = "Test∕ResultModelTest.m"; path = ".XcodeSupport/Test∕ResultModelTest.m"; sourceTree = SOURCE_ROOT; };
		F782418CA61A88F3610FA430 /* Test∕ResultsPackageModelTest.m */ = {isa = PBXFileReference; lastKnownFileType = sourcecode.c.objc; name = "Test∕ResultsPackageModelTest.m"; path = ".XcodeSupport/Test∕ResultsPackageModelTest.m"; sourceTree = SOURCE_ROOT; };
		F8F240C1A58E28363C9A58F3 /* Controllers∕UserPreferencesController.h */ = {isa = PBXFileReference; lastKnownFileType = sourcecode.c.h; name = "Controllers∕UserPreferencesController.h"; path = ".XcodeSupport/Controllers∕UserPreferencesController.h"; sourceTree = SOURCE_ROOT; };
		F9FA43A2BB48D512D99C7DBB /* WorkflowJob-new.m */ = {isa = PBXFileReference; lastKnownFileType = sourcecode.c.objc; name = WorkflowJob-new.m; path = .XcodeSupport/WorkflowJob-new.m; sourceTree = SOURCE_ROOT; };
		FA334B47BB1680DE4DACD282 /* Test∕JobModelTest.m */ = {isa = PBXFileReference; lastKnownFileType = sourcecode.c.objc; name = "Test∕JobModelTest.m"; path = ".XcodeSupport/Test∕JobModelTest.m"; sourceTree = SOURCE_ROOT; };
		FD16442E8D2F850AB11FF6FC /* Transformers∕UsernameTransformer.m */ = {isa = PBXFileReference; lastKnownFileType = sourcecode.c.objc; name = "Transformers∕UsernameTransformer.m"; path = ".XcodeSupport/Transformers∕UsernameTransformer.m"; sourceTree = SOURCE_ROOT; };
		FEDA46349DEC93B7A2FAEA2C /* Transformers∕RetryFailedRunJobsTransformer.h */ = {isa = PBXFileReference; lastKnownFileType = sourcecode.c.h; name = "Transformers∕RetryFailedRunJobsTransformer.h"; path = ".XcodeSupport/Transformers∕RetryFailedRunJobsTransformer.h"; sourceTree = SOURCE_ROOT; };
/* End PBXFileReference section */

/* Begin PBXGroup section */
		615C4A21A9B1995F86EDAB56 /* Cocoa Classes */ = {
			isa = PBXGroup;
			children = (
				CDA84E658CB3B716D5999E53 /* AppController.h */,
				D8344B92A45ADDF67A65E86D /* AppController.m */,
				E663484A9792E8C19BF30C77 /* Controllers∕InteractiveJobsController.h */,
				236B4197866DE85A93E64D7A /* Controllers∕InteractiveJobsController.m */,
				C7004533AC0A567C5C450E6A /* Controllers∕JobController.h */,
				7A954D77ADE5B05652A8C835 /* Controllers∕JobController.m */,
				9BB64B36BBD4871585EAB583 /* Controllers∕LogInController.h */,
				8AB34B99BDA8EA802355BCA9 /* Controllers∕LogInController.m */,
				74034E28B88DC30468689421 /* Controllers∕MenuItemsController.h */,
				F0BD45EC848A308D2339D1BB /* Controllers∕MenuItemsController.m */,
				4F574397A67561FBB91EA7E4 /* Controllers∕PageController.h */,
				57C4417582CDFB5E5C9B9E94 /* Controllers∕PageController.m */,
				7D7D494594BB48D6506C0C03 /* Controllers∕ProjectController.h */,
				7984447BA338E47B9DB58F2C /* Controllers∕ProjectController.m */,
				3CBA46EAA7CBE3C6C10BF81C /* Controllers∕ResourceController.h */,
				037744189914668F01F043F2 /* Controllers∕ResourceController.m */,
				3F374ED3AA9873FE21EDFD1C /* Controllers∕ResultsPackageController.h */,
				8F22459DAA8A6C50FE5D2987 /* Controllers∕ResultsPackageController.m */,
				818D4B07ACC5AE10BD2522E7 /* Controllers∕ServerAdminController.h */,
				4F5E41EE879DEB96B2C96AC3 /* Controllers∕ServerAdminController.m */,
				BE3041BA9ABC82F4EA61CB4B /* Controllers∕UploadWindowController.h */,
				B4DA4E75BEA43E3B39D58EF3 /* Controllers∕UploadWindowController.m */,
				F8F240C1A58E28363C9A58F3 /* Controllers∕UserPreferencesController.h */,
				B4E3450AB572374595153F60 /* Controllers∕UserPreferencesController.m */,
				A1A042258A7390C0DDE942C4 /* Controllers∕WorkflowController.h */,
				E1E344ACAB3480DE2240813F /* Controllers∕WorkflowController.m */,
				B70D48BBBA29CED4C85C1910 /* Controllers∕WorkflowJobController.h */,
				022A43D3A6711E938BCBB90E /* Controllers∕WorkflowJobController.m */,
				464548FAA8608591704D2C89 /* inputPort.h */,
				63BB43ED95B8D94CC17DDEF8 /* InputPort.h */,
				2E3B43F680845DA36E46AA33 /* inputPort.m */,
				59524006993EB544C60BBC64 /* InputPort.m */,
				16FB4ADFAD8A19FE3C5C266A /* Job.h */,
				C1C3440E94E80D80CB10BF59 /* Job.m */,
				38164DE88A58392C1F6729E6 /* Link.h */,
				11C943C698FBD9BF2E8A79DC /* Link.m */,
				0C24442A8DDBBEA289165EC6 /* Menu.h */,
				267B4C2B809E20FEF33F82FA /* Menu.m */,
				2DC3418493880A381445A362 /* Models∕Job.h */,
				5FAF4A129309B2D3947E53AC /* Models∕Job.m */,
				B3D24C31BFCDA96DEBAF5437 /* Models∕Resource.h */,
				F0324D46978AF88DB0C575C4 /* Models∕Resource.m */,
				7B134C9BA6671ED612DA500E /* Models∕WorkflowJob.h */,
				9C234E8791F6E9F559688057 /* Models∕WorkflowJob.m */,
				47774066B4BE1D9B5420273C /* OutlineView.h */,
				6F6B42D79F07F2F36D2B70CE /* OutlineView.m */,
				C7794D08AE2B4C303A38257D /* outputPort.h */,
				F4BA439F98C55ABA5FB5AB52 /* OutputPort.h */,
				DC0E4F7FBD3830343799DCA6 /* outputPort.m */,
				501A46209C6B1F46C187038E /* OutputPort.m */,
				B20B46ABB362BEA7C9C21EEF /* RoundedRectangle.h */,
				C50E47E49795303FAEBFCCF6 /* RoundedRectangle.m */,
				6C3C44DEB26F65118BF9C77D /* Seed.h */,
				C40B47B8A423D1222391CFA4 /* Seed.m */,
				3C9049BD99116F1834AD27DF /* SettingsHUD.h */,
				1294439FB489234DA13B092B /* SettingsHUD.m */,
				F0494D6FB6B59E6890CAC1FE /* Test∕DummyTest.h */,
				F52E468D8AAB5E0F55E4AD62 /* Test∕DummyTest.m */,
				BF7C461F93A22AC2F160AA79 /* Test∕JobModelTest.h */,
				FA334B47BB1680DE4DACD282 /* Test∕JobModelTest.m */,
				93DA477F998D0BAC16CC817D /* Test∕PageModelTest.h */,
				9DDA449DA87A909F9A38520C /* Test∕PageModelTest.m */,
				8421465D904EBD74D862C80C /* Test∕ProjectModelTest.h */,
				92254A3BB9167102FD965307 /* Test∕ProjectModelTest.m */,
				DFA2478BAA4EF5B4D0FDDF60 /* Test∕ResultModelTest.h */,
				F5CD479A93959C81A7371FA7 /* Test∕ResultModelTest.m */,
				46D349B9A2F102EDA8938864 /* Test∕ResultsPackageModelTest.h */,
				F782418CA61A88F3610FA430 /* Test∕ResultsPackageModelTest.m */,
				2C4641A6B81C5AD598DD4E41 /* Test∕RunJobModelTest.h */,
				EBCF4DAEADC752006B327B0C /* Test∕RunJobModelTest.m */,
				53464EE0A02A0866C9352E33 /* Test∕TreeNodeModelTest.h */,
				0F8741D0AF027CF1778AF896 /* Test∕TreeNodeModelTest.m */,
				61DE4A57B27B2FA67F40455D /* Test∕UserModelTest.h */,
				849B4540A729803A2459C4C6 /* Test∕UserModelTest.m */,
				352C410BAAAA4F920B335B8C /* Test∕WorkflowJobModelTest.h */,
				F2C54D0AB7A5C740237D7CF3 /* Test∕WorkflowJobModelTest.m */,
				5AEA4D7AB759B11D659D422A /* Test∕WorkflowJobSettingModelTest.h */,
				0C9045B981067DED2DF96ADF /* Test∕WorkflowJobSettingModelTest.m */,
				BD314914B17616B63EB0CF99 /* Test∕WorkflowModelTest.h */,
				09AC4F3494E6FAD3473F2D10 /* Test∕WorkflowModelTest.m */,
				9568401582C8B85F0B4C6CC3 /* Test∕WorkflowRunModelTest.h */,
				68DF410ABE9E23DA4184AC62 /* Test∕WorkflowRunModelTest.m */,
				3B8D4E15888136898CC04210 /* ToolPanel.h */,
				CB794480A90099F997B010C7 /* ToolPanel.m */,
				19C14125BDC4AFBDCAB6633F /* ToolsView.h */,
				44C44540B0E3E9B40211A3C1 /* ToolsView.m */,
				9C8F4B938420D1287C2CEDA8 /* Transformers∕ArrayCountTransformer.h */,
				AA414FCAAD96B8CE28EA187C /* Transformers∕ArrayCountTransformer.m */,
				77B84F0FA94F6520E3BE7AC0 /* Transformers∕ByteCountTransformer.h */,
				EC0C44E9802534061CF307F1 /* Transformers∕ByteCountTransformer.m */,
				D0F04508B016E1406DEC9DD1 /* Transformers∕CheckBoxTransformer.h */,
				A8B940DA893E9FA29AE77C5D /* Transformers∕CheckBoxTransformer.m */,
				9EFF4BAFBCA6BF8E5782282F /* Transformers∕DateFormatTransformer.h */,
				66F540DEBBAD4EC0F59FBB4D /* Transformers∕DateFormatTransformer.m */,
				AD884CC387784573E6318D29 /* Transformers∕GameraClassNameTransformer.h */,
				633045398E54875D46AFC4F0 /* Transformers∕GameraClassNameTransformer.m */,
				B4C847CE9FD67097709C6B77 /* Transformers∕GlyphsTransformer.h */,
				44EC4590973C4E7C02D081E7 /* Transformers∕GlyphsTransformer.m */,
				D3864AFEA6392A91F87E539C /* Transformers∕JobArgumentsTransformer.h */,
				D193459D83476A3CFC4C80E1 /* Transformers∕JobArgumentsTransformer.m */,
				A34643F29E8CC659902E6A22 /* Transformers∕JobTypeTransformer.h */,
				BF014A64B728916E8088958B /* Transformers∕JobTypeTransformer.m */,
				6F0A4210B3AD81B0FA7D36BF /* Transformers∕PngTransformer.h */,
				1DCD4A98B602567F9EDA9C1A /* Transformers∕PngTransformer.m */,
				71284E5AB895875332976DB0 /* Transformers∕ResultsDisplayTransformer.h */,
				3ABA42ADB24AB68C887104E0 /* Transformers∕ResultsDisplayTransformer.m */,
				C56942E594C5FEB9CF894A35 /* Transformers∕ResultThumbnailTransformer.h */,
				ACCD4C7F9236ED32D88001D8 /* Transformers∕ResultThumbnailTransformer.m */,
				FEDA46349DEC93B7A2FAEA2C /* Transformers∕RetryFailedRunJobsTransformer.h */,
				E4F04DE1B2513745A16EFA35 /* Transformers∕RetryFailedRunJobsTransformer.m */,
				41E7434DA14930243C844FE0 /* Transformers∕RunJobSettingsTransformer.h */,
				2E104CB8856100E5658EDCA3 /* Transformers∕RunJobSettingsTransformer.m */,
				43A247C895C8AC3FBD8E117E /* Transformers∕RunJobStatusTransformer.h */,
				99664C52BA3D4599B66702C5 /* Transformers∕RunJobStatusTransformer.m */,
				E19C4A6DB7DD5A0FCD4EEEF3 /* Transformers∕UsernameTransformer.h */,
				FD16442E8D2F850AB11FF6FC /* Transformers∕UsernameTransformer.m */,
				156B4EBBBFB71B48A6A719CB /* WorkflowDesignerView.h */,
				363F49AD9A2898D67129C140 /* WorkflowDesignerView.m */,
				CA624183AEA7A642A45FBCBE /* WorkflowJob-new.h */,
				F9FA43A2BB48D512D99C7DBB /* WorkflowJob-new.m */,
				35AC4664943B877761EC7F7F /* WorkflowJob.h */,
				A7294BCFA44F9926091E8409 /* WorkflowJob.m */,
				A3FA43329AED7E6995D978FE /* xcc_general_include.h */,
			);
			name = "Cocoa Classes";
			sourceTree = "<group>";
		};
		8D9C4F08A63FB653B44CAF6B /* Cappuccino Source */ = {
			isa = PBXGroup;
			children = (
				B87349E789C6632D5E69BFB4 /* AppController.j */,
				B71F4E72AB220E9BD2C9DF66 /* ArrayCountTransformer.j */,
				6A354D48A7E34526A4D1378E /* ByteCountTransformer.j */,
				02B341D38FFBCD35ADE7478E /* CheckBoxTransformer.j */,
				1B1B48F68D7C71B0810E30C2 /* DateFormatTransformer.j */,
				A81F4019BC0FC4715BEC0F79 /* DummyTest.j */,
				B26B48BCB424F3100E090D9A /* GameraClassNameTransformer.j */,
				1A9E486E966B409301DEA69A /* GlyphsTransformer.j */,
				A2984692862348A4D244C716 /* inputPort.j */,
				2C3A409FB6EE046E0DB1E7FF /* InputPort.j */,
				13AC409BBA3ACEAB57ED6E60 /* InteractiveJobsController.j */,
				5E24447C835573A0E7C0F619 /* Job.j */,
				7A9A4B348571C350B47EC602 /* Job.j */,
				86DA43DB80F6B6559E01153A /* JobArgumentsTransformer.j */,
				D9FA496A9AEF1DC000802404 /* JobController.j */,
				9E6C4F309F230180544804F7 /* JobModelTest.j */,
				06B14D0180E2FBB1B7EE1765 /* JobTypeTransformer.j */,
				17F8463BBAA12F66228F8FA6 /* Link.j */,
				9A4F4A59A551954603E6567A /* LogInController.j */,
				D1F34AF0B173C8D389CC167E /* Menu.j */,
				D752402EA274152299BB039D /* MenuItemsController.j */,
				628E4E01867BD4AABC7BBCB5 /* OutlineView.j */,
				09AF4551A3D78AD22DF923EE /* outputPort.j */,
				3C2F4BCEB270F8BD86272F59 /* OutputPort.j */,
				322D4B3497644032230ADA7B /* PageController.j */,
				13E64A27BE2197ABE8C23089 /* PageModelTest.j */,
				BA2742D1AE277B09DF4B9AC5 /* PngTransformer.j */,
				032541E283091FB258818592 /* ProjectController.j */,
				64A94D0DAED60ACB9C85DCEE /* ProjectModelTest.j */,
				1F204BFF87EB14A167F215F1 /* Resource.j */,
				2D814FEFBCB5372A255E51EE /* ResourceController.j */,
				961F42AFAAB09D34AF1C4910 /* ResultModelTest.j */,
				B4B84B2D9D07569180860066 /* ResultsDisplayTransformer.j */,
				4CE7462A8BB467DE54AF565B /* ResultsPackageController.j */,
				C8D344D4B7146D769253ED76 /* ResultsPackageModelTest.j */,
				D0DC4CD8BC4569CE6C5B296E /* ResultThumbnailTransformer.j */,
				4E2E44F8A98A999019B35D22 /* RetryFailedRunJobsTransformer.j */,
				2BD54F80AD39B7F1AE2085C6 /* RoundedRectangle.j */,
				EDC94791AABEC78914C36A7B /* RunJobModelTest.j */,
				7ED34FE7B7B5B882EFC723F9 /* RunJobSettingsTransformer.j */,
				138B4E269BCAB718C8E4C35D /* RunJobStatusTransformer.j */,
				97844FEC9F5BC332D897C6B4 /* Seed.j */,
				B74B4BD59F863AEB29AB90B9 /* ServerAdminController.j */,
				988647AAB89511B49E531572 /* SettingsHUD.j */,
				43384347B43EA7A792B0542E /* ToolPanel.j */,
				790C4101A93B9DD04829ABA9 /* ToolsView.j */,
				B39349B3B4F08E8A704D815C /* TreeNodeModelTest.j */,
				63344222BF11796C2C5C1160 /* UploadWindowController.j */,
				8DC54715BE4B174BA02F59CF /* UserModelTest.j */,
				9247461C92CF2D7AD8DBFABF /* UsernameTransformer.j */,
				31EE4703A4C3590E2DEE772B /* UserPreferencesController.j */,
				632F43599A8E3BCEA7E62B3E /* WorkflowController.j */,
				3E2A4DDCBACCDE639DBEC6B9 /* WorkflowDesignerView.j */,
				460443BF8E932C755E283F31 /* WorkflowJob-new.j */,
				01734E71A74ECB1AC2C3CD1D /* WorkflowJob.j */,
				97BB4860A8306D5730AD6F65 /* WorkflowJob.j */,
				03614986B162D9BD6F765D1A /* WorkflowJobController.j */,
				363944CD85BC5771FD062C31 /* WorkflowJobModelTest.j */,
				2AD64C6C9052547CF348AE01 /* WorkflowJobSettingModelTest.j */,
				B8BFF8D1194A041F00BFD5C4 /* WorkflowJobView.xib */,
				8FE445DC9424C8E34CB7C0A5 /* WorkflowModelTest.j */,
				DD6A4ABABE91E222152B56B2 /* WorkflowRunModelTest.j */,
			);
			name = "Cappuccino Source";
			sourceTree = "<group>";
		};
		E164FE221721857400263CE3 /*  */ = {
			isa = PBXGroup;
			children = (
				E164FE29172185F500263CE3 /* Resources */,
				615C4A21A9B1995F86EDAB56 /* Cocoa Classes */,
				8D9C4F08A63FB653B44CAF6B /* Cappuccino Source */,
			);
			sourceTree = "<group>";
		};
/* End PBXGroup section */

/* Begin PBXProject section */
		E164FE231721857400263CE3 /* Project Object */ = {
			isa = PBXProject;
			attributes = {
				LastUpgradeCheck = 0460;
			};
			buildConfigurationList = E164FE261721857400263CE3 /* Build configuration list for PBXNativeTarget "TARGET_NAME" */;
			compatibilityVersion = "Xcode 3.2";
			developmentRegion = English;
			hasScannedForEncodings = 0;
			knownRegions = (
				en,
			);
			mainGroup = E164FE221721857400263CE3 /*  */;
			projectDirPath = "";
			projectRoot = "";
			targets = (
			);
		};
/* End PBXProject section */

/* Begin XCBuildConfiguration section */
		E164FE271721857400263CE3 /* Debug */ = {
			isa = XCBuildConfiguration;
			buildSettings = {
			};
			name = Debug;
		};
		E164FE281721857400263CE3 /* Release */ = {
			isa = XCBuildConfiguration;
			buildSettings = {
			};
			name = Release;
		};
/* End XCBuildConfiguration section */

/* Begin XCConfigurationList section */
		E164FE261721857400263CE3 /* Build configuration list for PBXNativeTarget "TARGET_NAME" */ = {
			isa = XCConfigurationList;
			buildConfigurations = (
				E164FE271721857400263CE3 /* Debug */,
				E164FE281721857400263CE3 /* Release */,
			);
			defaultConfigurationIsVisible = 0;
			defaultConfigurationName = Release;
		};
/* End XCConfigurationList section */
	};
	rootObject = E164FE231721857400263CE3 /* Project Object */;
}